
Microsoft Visual Studio Solution File, Format Version 11.00
# Visual Studio 2010
Project("{2150E333-8FDC-42A3-9474-1A3956D46DE8}") = "Library", "Library", "{CDDE5D9D-60BB-4CCB-BAE0-9525BAC6B11D}"
EndProject
Project("{FAE04EC0-301F-11D3-BF4B-00C04F79EFBC}") = "BraneCloud.Evolution.EC", "..\..\Projects\EC\BraneCloud.Evolution.EC\BraneCloud.Evolution.EC.csproj", "{197FC1BD-8578-4DE7-9AEA-D7098A3505EA}"
EndProject
Project("{FAE04EC0-301F-11D3-BF4B-00C04F79EFBC}") = "BraneCloud.Evolution.EC.Configuration", "..\..\Projects\EC\BraneCloud.Evolution.EC.Configuration\BraneCloud.Evolution.EC.Configuration.csproj", "{9A7B8EFC-D36E-435D-99E2-10793AA3FFCD}"
EndProject
Project("{FAE04EC0-301F-11D3-BF4B-00C04F79EFBC}") = "BraneCloud.Evolution.EC.Logging", "..\..\Projects\EC\BraneCloud.Evolution.EC.Logging\BraneCloud.Evolution.EC.Logging.csproj", "{E5ECCEA3-0448-40CD-98B2-BC70578807B1}"
EndProject
Project("{FAE04EC0-301F-11D3-BF4B-00C04F79EFBC}") = "BraneCloud.Evolution.EC.Randomization", "..\..\Projects\EC\BraneCloud.Evolution.EC.Randomization\BraneCloud.Evolution.EC.Randomization.csproj", "{5993FC6C-820B-482F-AB46-961F89FC8EA1}"
EndProject
Project("{FAE04EC0-301F-11D3-BF4B-00C04F79EFBC}") = "BraneCloud.Evolution.EC.Support", "..\..\Projects\EC\BraneCloud.Evolution.EC.Support\BraneCloud.Evolution.EC.Support.csproj", "{1669FD6F-D6A2-4498-A62B-F5A831B56A83}"
EndProject
Project("{2150E333-8FDC-42A3-9474-1A3956D46DE8}") = "Solution Items", "Solution Items", "{9ACF2140-2A12-47C7-B2E9-33558EDDC49A}"
	ProjectSection(SolutionItems) = preProject
		BraneCloud.Evolution.EC.vsmdi = BraneCloud.Evolution.EC.vsmdi
		LocalTestSettings.testsettings = LocalTestSettings.testsettings
		Readme.txt = Readme.txt
	EndProjectSection
EndProject
Project("{2150E333-8FDC-42A3-9474-1A3956D46DE8}") = "App", "App", "{4543D14B-433F-4FED-8F0E-6A5EB9CDFC6A}"
EndProject
Project("{FAE04EC0-301F-11D3-BF4B-00C04F79EFBC}") = "BBob", "..\..\Projects\EC\App\BBob\BBob.csproj", "{D412EF97-9A4E-4DC7-B75B-5763024A0A28}"
EndProject
Project("{FAE04EC0-301F-11D3-BF4B-00C04F79EFBC}") = "Coevolve1", "..\..\Projects\EC\App\Coevolve1\Coevolve1.csproj", "{A602473A-44B3-46DA-A945-E049B5F2711A}"
EndProject
Project("{FAE04EC0-301F-11D3-BF4B-00C04F79EFBC}") = "Coevolve2", "..\..\Projects\EC\App\Coevolve2\Coevolve2.csproj", "{A20D7CE4-0164-4F24-B571-603F24596C94}"
EndProject
Project("{FAE04EC0-301F-11D3-BF4B-00C04F79EFBC}") = "ECSuite", "..\..\Projects\EC\App\ECSuite\ECSuite.csproj", "{1CF74AF1-BFE1-4480-9DBF-8AEA07BBE652}"
EndProject
Project("{FAE04EC0-301F-11D3-BF4B-00C04F79EFBC}") = "Edge", "..\..\Projects\EC\App\Edge\Edge.csproj", "{D58ED8A0-C9BD-4460-9FC4-00446E29B4BB}"
EndProject
Project("{FAE04EC0-301F-11D3-BF4B-00C04F79EFBC}") = "Gui", "..\..\Projects\EC\App\Gui\Gui.csproj", "{5DD33CE2-F51C-4D36-8A5E-7DE426E924BE}"
EndProject
Project("{FAE04EC0-301F-11D3-BF4B-00C04F79EFBC}") = "Hiff", "..\..\Projects\EC\App\Hiff\Hiff.csproj", "{34B27173-53B9-407F-9312-C3C6439665AA}"
EndProject
Project("{FAE04EC0-301F-11D3-BF4B-00C04F79EFBC}") = "Lawnmower", "..\..\Projects\EC\App\Lawnmower\Lawnmower.csproj", "{A5693B45-6349-4F27-9CC7-D3E4BD1A5C5F}"
EndProject
Project("{FAE04EC0-301F-11D3-BF4B-00C04F79EFBC}") = "MooSuite", "..\..\Projects\EC\App\MooSuite\MooSuite.csproj", "{DC9FC668-4D75-44F3-B1B9-9752495714BC}"
EndProject
Project("{FAE04EC0-301F-11D3-BF4B-00C04F79EFBC}") = "Multiplexer", "..\..\Projects\EC\App\Multiplexer\Multiplexer.csproj", "{576D937C-59E8-46F2-8DF8-1158BB541F23}"
EndProject
Project("{FAE04EC0-301F-11D3-BF4B-00C04F79EFBC}") = "NK", "..\..\Projects\EC\App\NK\NK.csproj", "{E4990F59-0C44-410A-BE8F-922C6D29C3A8}"
EndProject
Project("{FAE04EC0-301F-11D3-BF4B-00C04F79EFBC}") = "Parity", "..\..\Projects\EC\App\Parity\Parity.csproj", "{1CF7F27B-E022-4934-8114-5F9DB67467E3}"
EndProject
Project("{FAE04EC0-301F-11D3-BF4B-00C04F79EFBC}") = "Regression", "..\..\Projects\EC\App\Regression\Regression.csproj", "{11EE793F-2C6F-46C1-A800-1DD96F4AFD9D}"
EndProject
Project("{FAE04EC0-301F-11D3-BF4B-00C04F79EFBC}") = "Sat", "..\..\Projects\EC\App\Sat\Sat.csproj", "{4FCA9537-013F-4B02-8DCC-BBC9F43DD3D4}"
EndProject
Project("{FAE04EC0-301F-11D3-BF4B-00C04F79EFBC}") = "Spatial", "..\..\Projects\EC\App\Spatial\Spatial.csproj", "{5B321563-7C49-4EB9-BE1C-24BC7919E955}"
EndProject
Project("{FAE04EC0-301F-11D3-BF4B-00C04F79EFBC}") = "Star", "..\..\Projects\EC\App\Star\Star.csproj", "{AFE196BA-3AAE-40B7-B1CC-AC77E97C1216}"
EndProject
Project("{FAE04EC0-301F-11D3-BF4B-00C04F79EFBC}") = "Sum", "..\..\Projects\EC\App\Sum\Sum.csproj", "{C2A71099-2230-4997-9DF1-A0939E51023D}"
EndProject
Project("{FAE04EC0-301F-11D3-BF4B-00C04F79EFBC}") = "Tutorial1", "..\..\Projects\EC\App\Tutorial1\Tutorial1.csproj", "{B7EF68B4-F794-48DE-BC54-EC3B35BB3847}"
EndProject
Project("{FAE04EC0-301F-11D3-BF4B-00C04F79EFBC}") = "Tutorial2", "..\..\Projects\EC\App\Tutorial2\Tutorial2.csproj", "{98E3F310-12C2-4FB1-95AC-A48B2A2C63C6}"
EndProject
Project("{FAE04EC0-301F-11D3-BF4B-00C04F79EFBC}") = "Tutorial3", "..\..\Projects\EC\App\Tutorial3\Tutorial3.csproj", "{B6B26562-084C-480E-A472-B11AECB48C49}"
EndProject
Project("{FAE04EC0-301F-11D3-BF4B-00C04F79EFBC}") = "Tutorial4", "..\..\Projects\EC\App\Tutorial4\Tutorial4.csproj", "{EAA48DED-B100-4CB8-A564-4E6F75CF0370}"
EndProject
Project("{FAE04EC0-301F-11D3-BF4B-00C04F79EFBC}") = "TwoBox", "..\..\Projects\EC\App\TwoBox\TwoBox.csproj", "{A9395DC2-3118-443A-8D6A-C74DB76A57E7}"
EndProject
Project("{FAE04EC0-301F-11D3-BF4B-00C04F79EFBC}") = "Ant", "..\..\Projects\EC\App\Ant\Ant.csproj", "{A2E43409-4108-4EE6-A804-B3625C9BE684}"
EndProject
Project("{FAE04EC0-301F-11D3-BF4B-00C04F79EFBC}") = "Async", "..\..\Projects\EC\App\Async\Async.csproj", "{C02C9B56-3233-487C-9977-52AF4608CBD7}"
EndProject
Project("{FAE04EC0-301F-11D3-BF4B-00C04F79EFBC}") = "MultiplexerSlow", "..\..\Projects\EC\App\MultiplexerSlow\MultiplexerSlow.csproj", "{A95DA3BC-B32C-438A-86AA-363DFBC6F713}"
EndProject
Project("{2150E333-8FDC-42A3-9474-1A3956D46DE8}") = "Bin", "Bin", "{A36E9EBE-F03C-4464-9851-C26D6CD8AC83}"
EndProject
Project("{2150E333-8FDC-42A3-9474-1A3956D46DE8}") = "Core", "Core", "{EA4A3363-8AAA-49CC-AD98-5D005C0AEA07}"
EndProject
Project("{FAE04EC0-301F-11D3-BF4B-00C04F79EFBC}") = "BraneCloud.Evolution.Archetype", "..\..\Projects\Core\BraneCloud.Evolution.Archetype\BraneCloud.Evolution.Archetype.csproj", "{07A344D1-F022-4785-8A3B-A90DD6E61557}"
EndProject
Project("{FAE04EC0-301F-11D3-BF4B-00C04F79EFBC}") = "BraneCloud.Evolution.Collections.Generic", "..\..\Projects\Core\BraneCloud.Evolution.Collections.Generic\BraneCloud.Evolution.Collections.Generic.csproj", "{78B9F0C7-5E96-4546-96BE-1856A7BFDE7B}"
EndProject
Project("{FAE04EC0-301F-11D3-BF4B-00C04F79EFBC}") = "BraneCloud.Evolution.Util", "..\..\Projects\Core\BraneCloud.Evolution.Util\BraneCloud.Evolution.Util.csproj", "{C18EF1C7-7F80-42BC-9BFC-6CD7E684534A}"
EndProject
Project("{2150E333-8FDC-42A3-9474-1A3956D46DE8}") = "Modeling", "Modeling", "{3DBF01BC-AA57-46C2-96AF-ED119B830889}"
	ProjectSection(SolutionItems) = preProject
		Readme.txt = Readme.txt
	EndProjectSection
EndProject
Project("{2150E333-8FDC-42A3-9474-1A3956D46DE8}") = "Tests", "Tests", "{CF4A7D05-15AF-4367-B1E9-02A6E74D218F}"
EndProject
Project("{FAE04EC0-301F-11D3-BF4B-00C04F79EFBC}") = "BraneCloud.Evolution.Collections.Generic.Tests", "..\..\Projects\Core\Tests\BraneCloud.Evolution.Collections.Generic.Tests\BraneCloud.Evolution.Collections.Generic.Tests.csproj", "{3970A38A-51ED-4460-818E-FB2FCD4A1318}"
EndProject
Project("{2150E333-8FDC-42A3-9474-1A3956D46DE8}") = "Tests", "Tests", "{76E4D9AC-A6EE-4566-B0F1-B5A12DDDB8FA}"
EndProject
Project("{2150E333-8FDC-42A3-9474-1A3956D46DE8}") = "Console", "Console", "{D645289E-65A2-46F6-89A3-F1671DE7F177}"
EndProject
Project("{FAE04EC0-301F-11D3-BF4B-00C04F79EFBC}") = "ParamFileParsingConsoleTest", "..\..\Projects\EC\Tests\Console\ParamFileParsingConsoleTest\ParamFileParsingConsoleTest.csproj", "{A1318528-F26F-4F8A-AC4B-8AFD4BF41E7C}"
EndProject
Project("{FAE04EC0-301F-11D3-BF4B-00C04F79EFBC}") = "BraneCloud.Evolution.EC.Configuration.Tests", "..\..\Projects\EC\Tests\BraneCloud.Evolution.EC.Configuration.Tests\BraneCloud.Evolution.EC.Configuration.Tests.csproj", "{35F4781E-6D36-47E8-86A9-CED63C17E031}"
EndProject
Project("{FAE04EC0-301F-11D3-BF4B-00C04F79EFBC}") = "BraneCloud.Evolution.EC.Eval.Tests", "..\..\Projects\EC\Tests\BraneCloud.Evolution.EC.Eval.Tests\BraneCloud.Evolution.EC.Eval.Tests.csproj", "{65E9D39D-D267-4147-966B-A1581E0F8BBC}"
EndProject
Project("{FAE04EC0-301F-11D3-BF4B-00C04F79EFBC}") = "BraneCloud.Evolution.EC.GP.Tests", "..\..\Projects\EC\Tests\BraneCloud.Evolution.EC.GP.Tests\BraneCloud.Evolution.EC.GP.Tests.csproj", "{CE5E73DA-0F1C-4DC0-A6D6-CD125A673A90}"
EndProject
Project("{FAE04EC0-301F-11D3-BF4B-00C04F79EFBC}") = "BraneCloud.Evolution.EC.Logging.Tests", "..\..\Projects\EC\Tests\BraneCloud.Evolution.EC.Logging.Tests\BraneCloud.Evolution.EC.Logging.Tests.csproj", "{0A88CFFE-0CA1-472E-8CD6-094B4E354CB5}"
EndProject
Project("{FAE04EC0-301F-11D3-BF4B-00C04F79EFBC}") = "BraneCloud.Evolution.EC.Randomization.Tests", "..\..\Projects\EC\Tests\BraneCloud.Evolution.EC.Randomization.Tests\BraneCloud.Evolution.EC.Randomization.Tests.csproj", "{AFB313F3-FB5F-47C9-896E-97DEE2432E4D}"
EndProject
Project("{FAE04EC0-301F-11D3-BF4B-00C04F79EFBC}") = "BraneCloud.Evolution.EC.Serialization.Tests", "..\..\Projects\EC\Tests\BraneCloud.Evolution.EC.Serialization.Tests\BraneCloud.Evolution.EC.Serialization.Tests.csproj", "{7B5201EE-BA3D-4F7E-94F4-94DEDFD31F13}"
EndProject
Project("{FAE04EC0-301F-11D3-BF4B-00C04F79EFBC}") = "BraneCloud.Evolution.EC.Util.Tests", "..\..\Projects\EC\Tests\BraneCloud.Evolution.EC.Util.Tests\BraneCloud.Evolution.EC.Util.Tests.csproj", "{6AA23A14-690E-4278-9B88-233F1E94A997}"
EndProject
Project("{2150E333-8FDC-42A3-9474-1A3956D46DE8}") = "AppTests", "AppTests", "{C57A539C-8B23-4D0C-9AEF-C4243DAD04F4}"
EndProject
Project("{FAE04EC0-301F-11D3-BF4B-00C04F79EFBC}") = "BraneCloud.Evolution.EC.App.AntTest", "..\..\Projects\EC\AppTests\BraneCloud.Evolution.EC.App.AntTest\BraneCloud.Evolution.EC.App.AntTest.csproj", "{045D8D76-AEE0-4A05-931E-564AE965FAD4}"
EndProject
Project("{FAE04EC0-301F-11D3-BF4B-00C04F79EFBC}") = "BraneCloud.Evolution.EC.App.BBobTest", "..\..\Projects\EC\AppTests\BraneCloud.Evolution.EC.App.BBobTest\BraneCloud.Evolution.EC.App.BBobTest.csproj", "{AF1C929F-17B2-4CB1-9938-9DA6759413CB}"
EndProject
Project("{FAE04EC0-301F-11D3-BF4B-00C04F79EFBC}") = "BraneCloud.Evolution.EC.App.Coevolve1.Test", "..\..\Projects\EC\AppTests\BraneCloud.Evolution.EC.App.Coevolve1.Test\BraneCloud.Evolution.EC.App.Coevolve1.Test.csproj", "{48B33610-B87A-4ADE-AF9D-F34B856A2C9F}"
EndProject
Project("{FAE04EC0-301F-11D3-BF4B-00C04F79EFBC}") = "BraneCloud.Evolution.EC.App.ECSuite.Test", "..\..\Projects\EC\AppTests\BraneCloud.Evolution.EC.App.ECSuite.Test\BraneCloud.Evolution.EC.App.ECSuite.Test.csproj", "{7715305D-3CB1-48C2-A907-49C7DC45D20F}"
EndProject
Project("{FAE04EC0-301F-11D3-BF4B-00C04F79EFBC}") = "BraneCloud.Evolution.EC.App.Edge.Test", "..\..\Projects\EC\AppTests\BraneCloud.Evolution.EC.App.Edge.Test\BraneCloud.Evolution.EC.App.Edge.Test.csproj", "{2BEDACC7-37ED-4976-9D94-7881CF66CCDD}"
EndProject
Project("{FAE04EC0-301F-11D3-BF4B-00C04F79EFBC}") = "BraneCloud.Evolution.EC.App.Hiff.Test", "..\..\Projects\EC\AppTests\BraneCloud.Evolution.EC.App.Hiff.Test\BraneCloud.Evolution.EC.App.Hiff.Test.csproj", "{D868FA14-32F4-4EF5-895F-DAAA867FE9FD}"
EndProject
Project("{FAE04EC0-301F-11D3-BF4B-00C04F79EFBC}") = "BraneCloud.Evolution.EC.App.Lawnmower.Test", "..\..\Projects\EC\AppTests\BraneCloud.Evolution.EC.App.Lawnmower.Test\BraneCloud.Evolution.EC.App.Lawnmower.Test.csproj", "{21962F19-6E39-4927-AD48-EB9885CA4143}"
EndProject
Project("{FAE04EC0-301F-11D3-BF4B-00C04F79EFBC}") = "BraneCloud.Evolution.EC.App.MooSuite.Test", "..\..\Projects\EC\AppTests\BraneCloud.Evolution.EC.App.MooSuite.Test\BraneCloud.Evolution.EC.App.MooSuite.Test.csproj", "{4587A1CF-CC65-47C4-AC55-5B8C0F13B53E}"
EndProject
Project("{FAE04EC0-301F-11D3-BF4B-00C04F79EFBC}") = "BraneCloud.Evolution.EC.App.Multiplexer.Test", "..\..\Projects\EC\AppTests\BraneCloud.Evolution.EC.App.Multiplexer.Test\BraneCloud.Evolution.EC.App.Multiplexer.Test.csproj", "{FECBFB29-A108-413E-80E5-AE9EC77218E4}"
EndProject
Project("{FAE04EC0-301F-11D3-BF4B-00C04F79EFBC}") = "BraneCloud.Evolution.EC.App.MultiplexerSlow.Test", "..\..\Projects\EC\AppTests\BraneCloud.Evolution.EC.App.MultiplexerSlow.Test\BraneCloud.Evolution.EC.App.MultiplexerSlow.Test.csproj", "{EC52BCB5-E4BC-4A5D-94AE-D61074C3F83D}"
EndProject
Project("{FAE04EC0-301F-11D3-BF4B-00C04F79EFBC}") = "BraneCloud.Evolution.EC.App.NK.Test", "..\..\Projects\EC\AppTests\BraneCloud.Evolution.EC.App.NK.Test\BraneCloud.Evolution.EC.App.NK.Test.csproj", "{B10E2CF5-8D43-4CB2-8A9F-BB1473A61657}"
EndProject
Project("{FAE04EC0-301F-11D3-BF4B-00C04F79EFBC}") = "BraneCloud.Evolution.EC.App.Parity.Test", "..\..\Projects\EC\AppTests\BraneCloud.Evolution.EC.App.Parity.Test\BraneCloud.Evolution.EC.App.Parity.Test.csproj", "{C7C57C51-C85B-44C4-8DAE-429F38E35F06}"
EndProject
Project("{FAE04EC0-301F-11D3-BF4B-00C04F79EFBC}") = "BraneCloud.Evolution.EC.App.Regression.Test", "..\..\Projects\EC\AppTests\BraneCloud.Evolution.EC.App.Regression.Test\BraneCloud.Evolution.EC.App.Regression.Test.csproj", "{12E05C2C-C121-4E2D-9BF5-E6E96CC80CF6}"
EndProject
Project("{FAE04EC0-301F-11D3-BF4B-00C04F79EFBC}") = "BraneCloud.Evolution.EC.App.Sat.Test", "..\..\Projects\EC\AppTests\BraneCloud.Evolution.EC.App.Sat.Test\BraneCloud.Evolution.EC.App.Sat.Test.csproj", "{F044A2D5-9553-4A13-A0CA-ACAB9E931207}"
EndProject
Project("{FAE04EC0-301F-11D3-BF4B-00C04F79EFBC}") = "BraneCloud.Evolution.EC.App.Spatial.Test", "..\..\Projects\EC\AppTests\BraneCloud.Evolution.EC.App.Spatial.Test\BraneCloud.Evolution.EC.App.Spatial.Test.csproj", "{726515CF-3835-4F1D-98F1-757A365991A5}"
EndProject
Project("{FAE04EC0-301F-11D3-BF4B-00C04F79EFBC}") = "BraneCloud.Evolution.EC.App.Sum.Test", "..\..\Projects\EC\AppTests\BraneCloud.Evolution.EC.App.Sum.Test\BraneCloud.Evolution.EC.App.Sum.Test.csproj", "{70EC3CDB-2741-4C3C-A4BF-59039A765A27}"
EndProject
Project("{FAE04EC0-301F-11D3-BF4B-00C04F79EFBC}") = "BraneCloud.Evolution.EC.App.Tutorial1.Test", "..\..\Projects\EC\AppTests\BraneCloud.Evolution.EC.App.Tutorial1.Test\BraneCloud.Evolution.EC.App.Tutorial1.Test.csproj", "{C32AFFF6-86A9-4AE1-A704-6D28C5AC2291}"
EndProject
Project("{FAE04EC0-301F-11D3-BF4B-00C04F79EFBC}") = "BraneCloud.Evolution.EC.App.Tutorial2.Test", "..\..\Projects\EC\AppTests\BraneCloud.Evolution.EC.App.Tutorial2.Test\BraneCloud.Evolution.EC.App.Tutorial2.Test.csproj", "{09D21A2F-8870-41D8-A2CF-A02AFE215B03}"
EndProject
Project("{FAE04EC0-301F-11D3-BF4B-00C04F79EFBC}") = "BraneCloud.Evolution.EC.App.Tutorial3.Test", "..\..\Projects\EC\AppTests\BraneCloud.Evolution.EC.App.Tutorial3.Test\BraneCloud.Evolution.EC.App.Tutorial3.Test.csproj", "{10FEB0A7-99FE-44D6-8D5B-18964F976AB5}"
EndProject
Project("{FAE04EC0-301F-11D3-BF4B-00C04F79EFBC}") = "BraneCloud.Evolution.EC.App.Tutorial4.Test", "..\..\Projects\EC\AppTests\BraneCloud.Evolution.EC.App.Tutorial4.Test\BraneCloud.Evolution.EC.App.Tutorial4.Test.csproj", "{C2100A31-84E3-4903-AAC3-254782DF0869}"
EndProject
Project("{FAE04EC0-301F-11D3-BF4B-00C04F79EFBC}") = "BraneCloud.Evolution.EC.App.TwoBox.Test", "..\..\Projects\EC\AppTests\BraneCloud.Evolution.EC.App.TwoBox.Test\BraneCloud.Evolution.EC.App.TwoBox.Test.csproj", "{EC7A2A4D-33C6-478D-86A1-C32E7D4A60E5}"
EndProject
Project("{FAE04EC0-301F-11D3-BF4B-00C04F79EFBC}") = "BraneCloud.Evolution.EC.Runtime", "..\..\Projects\EC\BraneCloud.Evolution.EC.Runtime\BraneCloud.Evolution.EC.Runtime.csproj", "{926F38F4-D132-458C-91DB-6314AE9F2FAD}"
EndProject
Project("{FAE04EC0-301F-11D3-BF4B-00C04F79EFBC}") = "BraneCloud.Evolution.EC.Problems", "..\..\Projects\EC\BraneCloud.Evolution.EC.Problems\BraneCloud.Evolution.EC.Problems.csproj", "{434C94BF-E6D0-465E-9A55-AB07E884F6CE}"
EndProject
Project("{FAE04EC0-301F-11D3-BF4B-00C04F79EFBC}") = "BraneCloud.Evolution.EC.Evaluation", "..\..\Projects\EC\BraneCloud.Evolution.EC.Evaluation\BraneCloud.Evolution.EC.Evaluation.csproj", "{A8AB0B32-952F-4FBA-8C34-C22CCB897977}"
EndProject
Global
	GlobalSection(TestCaseManagementSettings) = postSolution
		CategoryFile = BraneCloud.Evolution.EC.vsmdi
	EndGlobalSection
	GlobalSection(SolutionConfigurationPlatforms) = preSolution
		Debug|Any CPU = Debug|Any CPU
		Debug|Mixed Platforms = Debug|Mixed Platforms
		Debug|x86 = Debug|x86
		Release|Any CPU = Release|Any CPU
		Release|Mixed Platforms = Release|Mixed Platforms
		Release|x86 = Release|x86
	EndGlobalSection
	GlobalSection(ProjectConfigurationPlatforms) = postSolution
		{197FC1BD-8578-4DE7-9AEA-D7098A3505EA}.Debug|Any CPU.ActiveCfg = Debug|Any CPU
		{197FC1BD-8578-4DE7-9AEA-D7098A3505EA}.Debug|Any CPU.Build.0 = Debug|Any CPU
		{197FC1BD-8578-4DE7-9AEA-D7098A3505EA}.Debug|Mixed Platforms.ActiveCfg = Debug|Any CPU
		{197FC1BD-8578-4DE7-9AEA-D7098A3505EA}.Debug|Mixed Platforms.Build.0 = Debug|Any CPU
		{197FC1BD-8578-4DE7-9AEA-D7098A3505EA}.Debug|x86.ActiveCfg = Debug|Any CPU
		{197FC1BD-8578-4DE7-9AEA-D7098A3505EA}.Release|Any CPU.ActiveCfg = Release|Any CPU
		{197FC1BD-8578-4DE7-9AEA-D7098A3505EA}.Release|Any CPU.Build.0 = Release|Any CPU
		{197FC1BD-8578-4DE7-9AEA-D7098A3505EA}.Release|Mixed Platforms.ActiveCfg = Release|Any CPU
		{197FC1BD-8578-4DE7-9AEA-D7098A3505EA}.Release|Mixed Platforms.Build.0 = Release|Any CPU
		{197FC1BD-8578-4DE7-9AEA-D7098A3505EA}.Release|x86.ActiveCfg = Release|Any CPU
		{9A7B8EFC-D36E-435D-99E2-10793AA3FFCD}.Debug|Any CPU.ActiveCfg = Debug|Any CPU
		{9A7B8EFC-D36E-435D-99E2-10793AA3FFCD}.Debug|Any CPU.Build.0 = Debug|Any CPU
		{9A7B8EFC-D36E-435D-99E2-10793AA3FFCD}.Debug|Mixed Platforms.ActiveCfg = Debug|Any CPU
		{9A7B8EFC-D36E-435D-99E2-10793AA3FFCD}.Debug|Mixed Platforms.Build.0 = Debug|Any CPU
		{9A7B8EFC-D36E-435D-99E2-10793AA3FFCD}.Debug|x86.ActiveCfg = Debug|Any CPU
		{9A7B8EFC-D36E-435D-99E2-10793AA3FFCD}.Release|Any CPU.ActiveCfg = Release|Any CPU
		{9A7B8EFC-D36E-435D-99E2-10793AA3FFCD}.Release|Any CPU.Build.0 = Release|Any CPU
		{9A7B8EFC-D36E-435D-99E2-10793AA3FFCD}.Release|Mixed Platforms.ActiveCfg = Release|Any CPU
		{9A7B8EFC-D36E-435D-99E2-10793AA3FFCD}.Release|Mixed Platforms.Build.0 = Release|Any CPU
		{9A7B8EFC-D36E-435D-99E2-10793AA3FFCD}.Release|x86.ActiveCfg = Release|Any CPU
		{E5ECCEA3-0448-40CD-98B2-BC70578807B1}.Debug|Any CPU.ActiveCfg = Debug|Any CPU
		{E5ECCEA3-0448-40CD-98B2-BC70578807B1}.Debug|Any CPU.Build.0 = Debug|Any CPU
		{E5ECCEA3-0448-40CD-98B2-BC70578807B1}.Debug|Mixed Platforms.ActiveCfg = Debug|Any CPU
		{E5ECCEA3-0448-40CD-98B2-BC70578807B1}.Debug|Mixed Platforms.Build.0 = Debug|Any CPU
		{E5ECCEA3-0448-40CD-98B2-BC70578807B1}.Debug|x86.ActiveCfg = Debug|Any CPU
		{E5ECCEA3-0448-40CD-98B2-BC70578807B1}.Release|Any CPU.ActiveCfg = Release|Any CPU
		{E5ECCEA3-0448-40CD-98B2-BC70578807B1}.Release|Any CPU.Build.0 = Release|Any CPU
		{E5ECCEA3-0448-40CD-98B2-BC70578807B1}.Release|Mixed Platforms.ActiveCfg = Release|Any CPU
		{E5ECCEA3-0448-40CD-98B2-BC70578807B1}.Release|Mixed Platforms.Build.0 = Release|Any CPU
		{E5ECCEA3-0448-40CD-98B2-BC70578807B1}.Release|x86.ActiveCfg = Release|Any CPU
		{5993FC6C-820B-482F-AB46-961F89FC8EA1}.Debug|Any CPU.ActiveCfg = Debug|Any CPU
		{5993FC6C-820B-482F-AB46-961F89FC8EA1}.Debug|Any CPU.Build.0 = Debug|Any CPU
		{5993FC6C-820B-482F-AB46-961F89FC8EA1}.Debug|Mixed Platforms.ActiveCfg = Debug|Any CPU
		{5993FC6C-820B-482F-AB46-961F89FC8EA1}.Debug|Mixed Platforms.Build.0 = Debug|Any CPU
		{5993FC6C-820B-482F-AB46-961F89FC8EA1}.Debug|x86.ActiveCfg = Debug|Any CPU
		{5993FC6C-820B-482F-AB46-961F89FC8EA1}.Release|Any CPU.ActiveCfg = Release|Any CPU
		{5993FC6C-820B-482F-AB46-961F89FC8EA1}.Release|Any CPU.Build.0 = Release|Any CPU
		{5993FC6C-820B-482F-AB46-961F89FC8EA1}.Release|Mixed Platforms.ActiveCfg = Release|Any CPU
		{5993FC6C-820B-482F-AB46-961F89FC8EA1}.Release|Mixed Platforms.Build.0 = Release|Any CPU
		{5993FC6C-820B-482F-AB46-961F89FC8EA1}.Release|x86.ActiveCfg = Release|Any CPU
		{1669FD6F-D6A2-4498-A62B-F5A831B56A83}.Debug|Any CPU.ActiveCfg = Debug|Any CPU
		{1669FD6F-D6A2-4498-A62B-F5A831B56A83}.Debug|Any CPU.Build.0 = Debug|Any CPU
		{1669FD6F-D6A2-4498-A62B-F5A831B56A83}.Debug|Mixed Platforms.ActiveCfg = Debug|Any CPU
		{1669FD6F-D6A2-4498-A62B-F5A831B56A83}.Debug|Mixed Platforms.Build.0 = Debug|Any CPU
		{1669FD6F-D6A2-4498-A62B-F5A831B56A83}.Debug|x86.ActiveCfg = Debug|Any CPU
		{1669FD6F-D6A2-4498-A62B-F5A831B56A83}.Release|Any CPU.ActiveCfg = Release|Any CPU
		{1669FD6F-D6A2-4498-A62B-F5A831B56A83}.Release|Any CPU.Build.0 = Release|Any CPU
		{1669FD6F-D6A2-4498-A62B-F5A831B56A83}.Release|Mixed Platforms.ActiveCfg = Release|Any CPU
		{1669FD6F-D6A2-4498-A62B-F5A831B56A83}.Release|Mixed Platforms.Build.0 = Release|Any CPU
		{1669FD6F-D6A2-4498-A62B-F5A831B56A83}.Release|x86.ActiveCfg = Release|Any CPU
		{D412EF97-9A4E-4DC7-B75B-5763024A0A28}.Debug|Any CPU.ActiveCfg = Debug|x86
		{D412EF97-9A4E-4DC7-B75B-5763024A0A28}.Debug|Mixed Platforms.ActiveCfg = Debug|x86
		{D412EF97-9A4E-4DC7-B75B-5763024A0A28}.Debug|Mixed Platforms.Build.0 = Debug|x86
		{D412EF97-9A4E-4DC7-B75B-5763024A0A28}.Debug|x86.ActiveCfg = Debug|x86
		{D412EF97-9A4E-4DC7-B75B-5763024A0A28}.Debug|x86.Build.0 = Debug|x86
		{D412EF97-9A4E-4DC7-B75B-5763024A0A28}.Release|Any CPU.ActiveCfg = Release|x86
		{D412EF97-9A4E-4DC7-B75B-5763024A0A28}.Release|Mixed Platforms.ActiveCfg = Release|x86
		{D412EF97-9A4E-4DC7-B75B-5763024A0A28}.Release|Mixed Platforms.Build.0 = Release|x86
		{D412EF97-9A4E-4DC7-B75B-5763024A0A28}.Release|x86.ActiveCfg = Release|x86
		{D412EF97-9A4E-4DC7-B75B-5763024A0A28}.Release|x86.Build.0 = Release|x86
		{A602473A-44B3-46DA-A945-E049B5F2711A}.Debug|Any CPU.ActiveCfg = Debug|x86
		{A602473A-44B3-46DA-A945-E049B5F2711A}.Debug|Mixed Platforms.ActiveCfg = Debug|x86
		{A602473A-44B3-46DA-A945-E049B5F2711A}.Debug|Mixed Platforms.Build.0 = Debug|x86
		{A602473A-44B3-46DA-A945-E049B5F2711A}.Debug|x86.ActiveCfg = Debug|x86
		{A602473A-44B3-46DA-A945-E049B5F2711A}.Debug|x86.Build.0 = Debug|x86
		{A602473A-44B3-46DA-A945-E049B5F2711A}.Release|Any CPU.ActiveCfg = Release|x86
		{A602473A-44B3-46DA-A945-E049B5F2711A}.Release|Mixed Platforms.ActiveCfg = Release|x86
		{A602473A-44B3-46DA-A945-E049B5F2711A}.Release|Mixed Platforms.Build.0 = Release|x86
		{A602473A-44B3-46DA-A945-E049B5F2711A}.Release|x86.ActiveCfg = Release|x86
		{A602473A-44B3-46DA-A945-E049B5F2711A}.Release|x86.Build.0 = Release|x86
		{A20D7CE4-0164-4F24-B571-603F24596C94}.Debug|Any CPU.ActiveCfg = Debug|x86
		{A20D7CE4-0164-4F24-B571-603F24596C94}.Debug|Mixed Platforms.ActiveCfg = Debug|x86
		{A20D7CE4-0164-4F24-B571-603F24596C94}.Debug|Mixed Platforms.Build.0 = Debug|x86
		{A20D7CE4-0164-4F24-B571-603F24596C94}.Debug|x86.ActiveCfg = Debug|x86
		{A20D7CE4-0164-4F24-B571-603F24596C94}.Debug|x86.Build.0 = Debug|x86
		{A20D7CE4-0164-4F24-B571-603F24596C94}.Release|Any CPU.ActiveCfg = Release|x86
		{A20D7CE4-0164-4F24-B571-603F24596C94}.Release|Mixed Platforms.ActiveCfg = Release|x86
		{A20D7CE4-0164-4F24-B571-603F24596C94}.Release|Mixed Platforms.Build.0 = Release|x86
		{A20D7CE4-0164-4F24-B571-603F24596C94}.Release|x86.ActiveCfg = Release|x86
		{A20D7CE4-0164-4F24-B571-603F24596C94}.Release|x86.Build.0 = Release|x86
		{1CF74AF1-BFE1-4480-9DBF-8AEA07BBE652}.Debug|Any CPU.ActiveCfg = Debug|x86
		{1CF74AF1-BFE1-4480-9DBF-8AEA07BBE652}.Debug|Mixed Platforms.ActiveCfg = Debug|x86
		{1CF74AF1-BFE1-4480-9DBF-8AEA07BBE652}.Debug|Mixed Platforms.Build.0 = Debug|x86
		{1CF74AF1-BFE1-4480-9DBF-8AEA07BBE652}.Debug|x86.ActiveCfg = Debug|x86
		{1CF74AF1-BFE1-4480-9DBF-8AEA07BBE652}.Debug|x86.Build.0 = Debug|x86
		{1CF74AF1-BFE1-4480-9DBF-8AEA07BBE652}.Release|Any CPU.ActiveCfg = Release|x86
		{1CF74AF1-BFE1-4480-9DBF-8AEA07BBE652}.Release|Mixed Platforms.ActiveCfg = Release|x86
		{1CF74AF1-BFE1-4480-9DBF-8AEA07BBE652}.Release|Mixed Platforms.Build.0 = Release|x86
		{1CF74AF1-BFE1-4480-9DBF-8AEA07BBE652}.Release|x86.ActiveCfg = Release|x86
		{1CF74AF1-BFE1-4480-9DBF-8AEA07BBE652}.Release|x86.Build.0 = Release|x86
		{D58ED8A0-C9BD-4460-9FC4-00446E29B4BB}.Debug|Any CPU.ActiveCfg = Debug|x86
		{D58ED8A0-C9BD-4460-9FC4-00446E29B4BB}.Debug|Mixed Platforms.ActiveCfg = Debug|x86
		{D58ED8A0-C9BD-4460-9FC4-00446E29B4BB}.Debug|Mixed Platforms.Build.0 = Debug|x86
		{D58ED8A0-C9BD-4460-9FC4-00446E29B4BB}.Debug|x86.ActiveCfg = Debug|x86
		{D58ED8A0-C9BD-4460-9FC4-00446E29B4BB}.Debug|x86.Build.0 = Debug|x86
		{D58ED8A0-C9BD-4460-9FC4-00446E29B4BB}.Release|Any CPU.ActiveCfg = Release|x86
		{D58ED8A0-C9BD-4460-9FC4-00446E29B4BB}.Release|Mixed Platforms.ActiveCfg = Release|x86
		{D58ED8A0-C9BD-4460-9FC4-00446E29B4BB}.Release|Mixed Platforms.Build.0 = Release|x86
		{D58ED8A0-C9BD-4460-9FC4-00446E29B4BB}.Release|x86.ActiveCfg = Release|x86
		{D58ED8A0-C9BD-4460-9FC4-00446E29B4BB}.Release|x86.Build.0 = Release|x86
		{5DD33CE2-F51C-4D36-8A5E-7DE426E924BE}.Debug|Any CPU.ActiveCfg = Debug|x86
		{5DD33CE2-F51C-4D36-8A5E-7DE426E924BE}.Debug|Mixed Platforms.ActiveCfg = Debug|x86
		{5DD33CE2-F51C-4D36-8A5E-7DE426E924BE}.Debug|Mixed Platforms.Build.0 = Debug|x86
		{5DD33CE2-F51C-4D36-8A5E-7DE426E924BE}.Debug|x86.ActiveCfg = Debug|x86
		{5DD33CE2-F51C-4D36-8A5E-7DE426E924BE}.Debug|x86.Build.0 = Debug|x86
		{5DD33CE2-F51C-4D36-8A5E-7DE426E924BE}.Release|Any CPU.ActiveCfg = Release|x86
		{5DD33CE2-F51C-4D36-8A5E-7DE426E924BE}.Release|Mixed Platforms.ActiveCfg = Release|x86
		{5DD33CE2-F51C-4D36-8A5E-7DE426E924BE}.Release|Mixed Platforms.Build.0 = Release|x86
		{5DD33CE2-F51C-4D36-8A5E-7DE426E924BE}.Release|x86.ActiveCfg = Release|x86
		{5DD33CE2-F51C-4D36-8A5E-7DE426E924BE}.Release|x86.Build.0 = Release|x86
		{34B27173-53B9-407F-9312-C3C6439665AA}.Debug|Any CPU.ActiveCfg = Debug|x86
		{34B27173-53B9-407F-9312-C3C6439665AA}.Debug|Mixed Platforms.ActiveCfg = Debug|x86
		{34B27173-53B9-407F-9312-C3C6439665AA}.Debug|Mixed Platforms.Build.0 = Debug|x86
		{34B27173-53B9-407F-9312-C3C6439665AA}.Debug|x86.ActiveCfg = Debug|x86
		{34B27173-53B9-407F-9312-C3C6439665AA}.Debug|x86.Build.0 = Debug|x86
		{34B27173-53B9-407F-9312-C3C6439665AA}.Release|Any CPU.ActiveCfg = Release|x86
		{34B27173-53B9-407F-9312-C3C6439665AA}.Release|Mixed Platforms.ActiveCfg = Release|x86
		{34B27173-53B9-407F-9312-C3C6439665AA}.Release|Mixed Platforms.Build.0 = Release|x86
		{34B27173-53B9-407F-9312-C3C6439665AA}.Release|x86.ActiveCfg = Release|x86
		{34B27173-53B9-407F-9312-C3C6439665AA}.Release|x86.Build.0 = Release|x86
		{A5693B45-6349-4F27-9CC7-D3E4BD1A5C5F}.Debug|Any CPU.ActiveCfg = Debug|x86
		{A5693B45-6349-4F27-9CC7-D3E4BD1A5C5F}.Debug|Mixed Platforms.ActiveCfg = Debug|x86
		{A5693B45-6349-4F27-9CC7-D3E4BD1A5C5F}.Debug|Mixed Platforms.Build.0 = Debug|x86
		{A5693B45-6349-4F27-9CC7-D3E4BD1A5C5F}.Debug|x86.ActiveCfg = Debug|x86
		{A5693B45-6349-4F27-9CC7-D3E4BD1A5C5F}.Debug|x86.Build.0 = Debug|x86
		{A5693B45-6349-4F27-9CC7-D3E4BD1A5C5F}.Release|Any CPU.ActiveCfg = Release|x86
		{A5693B45-6349-4F27-9CC7-D3E4BD1A5C5F}.Release|Mixed Platforms.ActiveCfg = Release|x86
		{A5693B45-6349-4F27-9CC7-D3E4BD1A5C5F}.Release|Mixed Platforms.Build.0 = Release|x86
		{A5693B45-6349-4F27-9CC7-D3E4BD1A5C5F}.Release|x86.ActiveCfg = Release|x86
		{A5693B45-6349-4F27-9CC7-D3E4BD1A5C5F}.Release|x86.Build.0 = Release|x86
		{DC9FC668-4D75-44F3-B1B9-9752495714BC}.Debug|Any CPU.ActiveCfg = Debug|x86
		{DC9FC668-4D75-44F3-B1B9-9752495714BC}.Debug|Mixed Platforms.ActiveCfg = Debug|x86
		{DC9FC668-4D75-44F3-B1B9-9752495714BC}.Debug|Mixed Platforms.Build.0 = Debug|x86
		{DC9FC668-4D75-44F3-B1B9-9752495714BC}.Debug|x86.ActiveCfg = Debug|x86
		{DC9FC668-4D75-44F3-B1B9-9752495714BC}.Debug|x86.Build.0 = Debug|x86
		{DC9FC668-4D75-44F3-B1B9-9752495714BC}.Release|Any CPU.ActiveCfg = Release|x86
		{DC9FC668-4D75-44F3-B1B9-9752495714BC}.Release|Mixed Platforms.ActiveCfg = Release|x86
		{DC9FC668-4D75-44F3-B1B9-9752495714BC}.Release|Mixed Platforms.Build.0 = Release|x86
		{DC9FC668-4D75-44F3-B1B9-9752495714BC}.Release|x86.ActiveCfg = Release|x86
		{DC9FC668-4D75-44F3-B1B9-9752495714BC}.Release|x86.Build.0 = Release|x86
		{576D937C-59E8-46F2-8DF8-1158BB541F23}.Debug|Any CPU.ActiveCfg = Debug|x86
		{576D937C-59E8-46F2-8DF8-1158BB541F23}.Debug|Mixed Platforms.ActiveCfg = Debug|x86
		{576D937C-59E8-46F2-8DF8-1158BB541F23}.Debug|Mixed Platforms.Build.0 = Debug|x86
		{576D937C-59E8-46F2-8DF8-1158BB541F23}.Debug|x86.ActiveCfg = Debug|x86
		{576D937C-59E8-46F2-8DF8-1158BB541F23}.Debug|x86.Build.0 = Debug|x86
		{576D937C-59E8-46F2-8DF8-1158BB541F23}.Release|Any CPU.ActiveCfg = Release|x86
		{576D937C-59E8-46F2-8DF8-1158BB541F23}.Release|Mixed Platforms.ActiveCfg = Release|x86
		{576D937C-59E8-46F2-8DF8-1158BB541F23}.Release|Mixed Platforms.Build.0 = Release|x86
		{576D937C-59E8-46F2-8DF8-1158BB541F23}.Release|x86.ActiveCfg = Release|x86
		{576D937C-59E8-46F2-8DF8-1158BB541F23}.Release|x86.Build.0 = Release|x86
		{E4990F59-0C44-410A-BE8F-922C6D29C3A8}.Debug|Any CPU.ActiveCfg = Debug|x86
		{E4990F59-0C44-410A-BE8F-922C6D29C3A8}.Debug|Mixed Platforms.ActiveCfg = Debug|x86
		{E4990F59-0C44-410A-BE8F-922C6D29C3A8}.Debug|Mixed Platforms.Build.0 = Debug|x86
		{E4990F59-0C44-410A-BE8F-922C6D29C3A8}.Debug|x86.ActiveCfg = Debug|x86
		{E4990F59-0C44-410A-BE8F-922C6D29C3A8}.Debug|x86.Build.0 = Debug|x86
		{E4990F59-0C44-410A-BE8F-922C6D29C3A8}.Release|Any CPU.ActiveCfg = Release|x86
		{E4990F59-0C44-410A-BE8F-922C6D29C3A8}.Release|Mixed Platforms.ActiveCfg = Release|x86
		{E4990F59-0C44-410A-BE8F-922C6D29C3A8}.Release|Mixed Platforms.Build.0 = Release|x86
		{E4990F59-0C44-410A-BE8F-922C6D29C3A8}.Release|x86.ActiveCfg = Release|x86
		{E4990F59-0C44-410A-BE8F-922C6D29C3A8}.Release|x86.Build.0 = Release|x86
		{1CF7F27B-E022-4934-8114-5F9DB67467E3}.Debug|Any CPU.ActiveCfg = Debug|x86
		{1CF7F27B-E022-4934-8114-5F9DB67467E3}.Debug|Mixed Platforms.ActiveCfg = Debug|x86
		{1CF7F27B-E022-4934-8114-5F9DB67467E3}.Debug|Mixed Platforms.Build.0 = Debug|x86
		{1CF7F27B-E022-4934-8114-5F9DB67467E3}.Debug|x86.ActiveCfg = Debug|x86
		{1CF7F27B-E022-4934-8114-5F9DB67467E3}.Debug|x86.Build.0 = Debug|x86
		{1CF7F27B-E022-4934-8114-5F9DB67467E3}.Release|Any CPU.ActiveCfg = Release|x86
		{1CF7F27B-E022-4934-8114-5F9DB67467E3}.Release|Mixed Platforms.ActiveCfg = Release|x86
		{1CF7F27B-E022-4934-8114-5F9DB67467E3}.Release|Mixed Platforms.Build.0 = Release|x86
		{1CF7F27B-E022-4934-8114-5F9DB67467E3}.Release|x86.ActiveCfg = Release|x86
		{1CF7F27B-E022-4934-8114-5F9DB67467E3}.Release|x86.Build.0 = Release|x86
		{11EE793F-2C6F-46C1-A800-1DD96F4AFD9D}.Debug|Any CPU.ActiveCfg = Debug|x86
		{11EE793F-2C6F-46C1-A800-1DD96F4AFD9D}.Debug|Mixed Platforms.ActiveCfg = Debug|x86
		{11EE793F-2C6F-46C1-A800-1DD96F4AFD9D}.Debug|Mixed Platforms.Build.0 = Debug|x86
		{11EE793F-2C6F-46C1-A800-1DD96F4AFD9D}.Debug|x86.ActiveCfg = Debug|x86
		{11EE793F-2C6F-46C1-A800-1DD96F4AFD9D}.Debug|x86.Build.0 = Debug|x86
		{11EE793F-2C6F-46C1-A800-1DD96F4AFD9D}.Release|Any CPU.ActiveCfg = Release|x86
		{11EE793F-2C6F-46C1-A800-1DD96F4AFD9D}.Release|Mixed Platforms.ActiveCfg = Release|x86
		{11EE793F-2C6F-46C1-A800-1DD96F4AFD9D}.Release|Mixed Platforms.Build.0 = Release|x86
		{11EE793F-2C6F-46C1-A800-1DD96F4AFD9D}.Release|x86.ActiveCfg = Release|x86
		{11EE793F-2C6F-46C1-A800-1DD96F4AFD9D}.Release|x86.Build.0 = Release|x86
		{4FCA9537-013F-4B02-8DCC-BBC9F43DD3D4}.Debug|Any CPU.ActiveCfg = Debug|x86
		{4FCA9537-013F-4B02-8DCC-BBC9F43DD3D4}.Debug|Mixed Platforms.ActiveCfg = Debug|x86
		{4FCA9537-013F-4B02-8DCC-BBC9F43DD3D4}.Debug|Mixed Platforms.Build.0 = Debug|x86
		{4FCA9537-013F-4B02-8DCC-BBC9F43DD3D4}.Debug|x86.ActiveCfg = Debug|x86
		{4FCA9537-013F-4B02-8DCC-BBC9F43DD3D4}.Debug|x86.Build.0 = Debug|x86
		{4FCA9537-013F-4B02-8DCC-BBC9F43DD3D4}.Release|Any CPU.ActiveCfg = Release|x86
		{4FCA9537-013F-4B02-8DCC-BBC9F43DD3D4}.Release|Mixed Platforms.ActiveCfg = Release|x86
		{4FCA9537-013F-4B02-8DCC-BBC9F43DD3D4}.Release|Mixed Platforms.Build.0 = Release|x86
		{4FCA9537-013F-4B02-8DCC-BBC9F43DD3D4}.Release|x86.ActiveCfg = Release|x86
		{4FCA9537-013F-4B02-8DCC-BBC9F43DD3D4}.Release|x86.Build.0 = Release|x86
		{5B321563-7C49-4EB9-BE1C-24BC7919E955}.Debug|Any CPU.ActiveCfg = Debug|x86
		{5B321563-7C49-4EB9-BE1C-24BC7919E955}.Debug|Mixed Platforms.ActiveCfg = Debug|x86
		{5B321563-7C49-4EB9-BE1C-24BC7919E955}.Debug|Mixed Platforms.Build.0 = Debug|x86
		{5B321563-7C49-4EB9-BE1C-24BC7919E955}.Debug|x86.ActiveCfg = Debug|x86
		{5B321563-7C49-4EB9-BE1C-24BC7919E955}.Debug|x86.Build.0 = Debug|x86
		{5B321563-7C49-4EB9-BE1C-24BC7919E955}.Release|Any CPU.ActiveCfg = Release|x86
		{5B321563-7C49-4EB9-BE1C-24BC7919E955}.Release|Mixed Platforms.ActiveCfg = Release|x86
		{5B321563-7C49-4EB9-BE1C-24BC7919E955}.Release|Mixed Platforms.Build.0 = Release|x86
		{5B321563-7C49-4EB9-BE1C-24BC7919E955}.Release|x86.ActiveCfg = Release|x86
		{5B321563-7C49-4EB9-BE1C-24BC7919E955}.Release|x86.Build.0 = Release|x86
		{AFE196BA-3AAE-40B7-B1CC-AC77E97C1216}.Debug|Any CPU.ActiveCfg = Debug|x86
		{AFE196BA-3AAE-40B7-B1CC-AC77E97C1216}.Debug|Mixed Platforms.ActiveCfg = Debug|x86
		{AFE196BA-3AAE-40B7-B1CC-AC77E97C1216}.Debug|Mixed Platforms.Build.0 = Debug|x86
		{AFE196BA-3AAE-40B7-B1CC-AC77E97C1216}.Debug|x86.ActiveCfg = Debug|x86
		{AFE196BA-3AAE-40B7-B1CC-AC77E97C1216}.Debug|x86.Build.0 = Debug|x86
		{AFE196BA-3AAE-40B7-B1CC-AC77E97C1216}.Release|Any CPU.ActiveCfg = Release|x86
		{AFE196BA-3AAE-40B7-B1CC-AC77E97C1216}.Release|Mixed Platforms.ActiveCfg = Release|x86
		{AFE196BA-3AAE-40B7-B1CC-AC77E97C1216}.Release|Mixed Platforms.Build.0 = Release|x86
		{AFE196BA-3AAE-40B7-B1CC-AC77E97C1216}.Release|x86.ActiveCfg = Release|x86
		{AFE196BA-3AAE-40B7-B1CC-AC77E97C1216}.Release|x86.Build.0 = Release|x86
		{C2A71099-2230-4997-9DF1-A0939E51023D}.Debug|Any CPU.ActiveCfg = Debug|x86
		{C2A71099-2230-4997-9DF1-A0939E51023D}.Debug|Mixed Platforms.ActiveCfg = Debug|x86
		{C2A71099-2230-4997-9DF1-A0939E51023D}.Debug|Mixed Platforms.Build.0 = Debug|x86
		{C2A71099-2230-4997-9DF1-A0939E51023D}.Debug|x86.ActiveCfg = Debug|x86
		{C2A71099-2230-4997-9DF1-A0939E51023D}.Debug|x86.Build.0 = Debug|x86
		{C2A71099-2230-4997-9DF1-A0939E51023D}.Release|Any CPU.ActiveCfg = Release|x86
		{C2A71099-2230-4997-9DF1-A0939E51023D}.Release|Mixed Platforms.ActiveCfg = Release|x86
		{C2A71099-2230-4997-9DF1-A0939E51023D}.Release|Mixed Platforms.Build.0 = Release|x86
		{C2A71099-2230-4997-9DF1-A0939E51023D}.Release|x86.ActiveCfg = Release|x86
		{C2A71099-2230-4997-9DF1-A0939E51023D}.Release|x86.Build.0 = Release|x86
		{B7EF68B4-F794-48DE-BC54-EC3B35BB3847}.Debug|Any CPU.ActiveCfg = Debug|x86
		{B7EF68B4-F794-48DE-BC54-EC3B35BB3847}.Debug|Mixed Platforms.ActiveCfg = Debug|x86
		{B7EF68B4-F794-48DE-BC54-EC3B35BB3847}.Debug|Mixed Platforms.Build.0 = Debug|x86
		{B7EF68B4-F794-48DE-BC54-EC3B35BB3847}.Debug|x86.ActiveCfg = Debug|x86
		{B7EF68B4-F794-48DE-BC54-EC3B35BB3847}.Debug|x86.Build.0 = Debug|x86
		{B7EF68B4-F794-48DE-BC54-EC3B35BB3847}.Release|Any CPU.ActiveCfg = Release|x86
		{B7EF68B4-F794-48DE-BC54-EC3B35BB3847}.Release|Mixed Platforms.ActiveCfg = Release|x86
		{B7EF68B4-F794-48DE-BC54-EC3B35BB3847}.Release|Mixed Platforms.Build.0 = Release|x86
		{B7EF68B4-F794-48DE-BC54-EC3B35BB3847}.Release|x86.ActiveCfg = Release|x86
		{B7EF68B4-F794-48DE-BC54-EC3B35BB3847}.Release|x86.Build.0 = Release|x86
		{98E3F310-12C2-4FB1-95AC-A48B2A2C63C6}.Debug|Any CPU.ActiveCfg = Debug|x86
		{98E3F310-12C2-4FB1-95AC-A48B2A2C63C6}.Debug|Mixed Platforms.ActiveCfg = Debug|x86
		{98E3F310-12C2-4FB1-95AC-A48B2A2C63C6}.Debug|Mixed Platforms.Build.0 = Debug|x86
		{98E3F310-12C2-4FB1-95AC-A48B2A2C63C6}.Debug|x86.ActiveCfg = Debug|x86
		{98E3F310-12C2-4FB1-95AC-A48B2A2C63C6}.Debug|x86.Build.0 = Debug|x86
		{98E3F310-12C2-4FB1-95AC-A48B2A2C63C6}.Release|Any CPU.ActiveCfg = Release|x86
		{98E3F310-12C2-4FB1-95AC-A48B2A2C63C6}.Release|Mixed Platforms.ActiveCfg = Release|x86
		{98E3F310-12C2-4FB1-95AC-A48B2A2C63C6}.Release|Mixed Platforms.Build.0 = Release|x86
		{98E3F310-12C2-4FB1-95AC-A48B2A2C63C6}.Release|x86.ActiveCfg = Release|x86
		{98E3F310-12C2-4FB1-95AC-A48B2A2C63C6}.Release|x86.Build.0 = Release|x86
		{B6B26562-084C-480E-A472-B11AECB48C49}.Debug|Any CPU.ActiveCfg = Debug|x86
		{B6B26562-084C-480E-A472-B11AECB48C49}.Debug|Mixed Platforms.ActiveCfg = Debug|x86
		{B6B26562-084C-480E-A472-B11AECB48C49}.Debug|Mixed Platforms.Build.0 = Debug|x86
		{B6B26562-084C-480E-A472-B11AECB48C49}.Debug|x86.ActiveCfg = Debug|x86
		{B6B26562-084C-480E-A472-B11AECB48C49}.Debug|x86.Build.0 = Debug|x86
		{B6B26562-084C-480E-A472-B11AECB48C49}.Release|Any CPU.ActiveCfg = Release|x86
		{B6B26562-084C-480E-A472-B11AECB48C49}.Release|Mixed Platforms.ActiveCfg = Release|x86
		{B6B26562-084C-480E-A472-B11AECB48C49}.Release|Mixed Platforms.Build.0 = Release|x86
		{B6B26562-084C-480E-A472-B11AECB48C49}.Release|x86.ActiveCfg = Release|x86
		{B6B26562-084C-480E-A472-B11AECB48C49}.Release|x86.Build.0 = Release|x86
		{EAA48DED-B100-4CB8-A564-4E6F75CF0370}.Debug|Any CPU.ActiveCfg = Debug|x86
		{EAA48DED-B100-4CB8-A564-4E6F75CF0370}.Debug|Mixed Platforms.ActiveCfg = Debug|x86
		{EAA48DED-B100-4CB8-A564-4E6F75CF0370}.Debug|Mixed Platforms.Build.0 = Debug|x86
		{EAA48DED-B100-4CB8-A564-4E6F75CF0370}.Debug|x86.ActiveCfg = Debug|x86
		{EAA48DED-B100-4CB8-A564-4E6F75CF0370}.Debug|x86.Build.0 = Debug|x86
		{EAA48DED-B100-4CB8-A564-4E6F75CF0370}.Release|Any CPU.ActiveCfg = Release|x86
		{EAA48DED-B100-4CB8-A564-4E6F75CF0370}.Release|Mixed Platforms.ActiveCfg = Release|x86
		{EAA48DED-B100-4CB8-A564-4E6F75CF0370}.Release|Mixed Platforms.Build.0 = Release|x86
		{EAA48DED-B100-4CB8-A564-4E6F75CF0370}.Release|x86.ActiveCfg = Release|x86
		{EAA48DED-B100-4CB8-A564-4E6F75CF0370}.Release|x86.Build.0 = Release|x86
		{A9395DC2-3118-443A-8D6A-C74DB76A57E7}.Debug|Any CPU.ActiveCfg = Debug|x86
		{A9395DC2-3118-443A-8D6A-C74DB76A57E7}.Debug|Mixed Platforms.ActiveCfg = Debug|x86
		{A9395DC2-3118-443A-8D6A-C74DB76A57E7}.Debug|Mixed Platforms.Build.0 = Debug|x86
		{A9395DC2-3118-443A-8D6A-C74DB76A57E7}.Debug|x86.ActiveCfg = Debug|x86
		{A9395DC2-3118-443A-8D6A-C74DB76A57E7}.Debug|x86.Build.0 = Debug|x86
		{A9395DC2-3118-443A-8D6A-C74DB76A57E7}.Release|Any CPU.ActiveCfg = Release|x86
		{A9395DC2-3118-443A-8D6A-C74DB76A57E7}.Release|Mixed Platforms.ActiveCfg = Release|x86
		{A9395DC2-3118-443A-8D6A-C74DB76A57E7}.Release|Mixed Platforms.Build.0 = Release|x86
		{A9395DC2-3118-443A-8D6A-C74DB76A57E7}.Release|x86.ActiveCfg = Release|x86
		{A9395DC2-3118-443A-8D6A-C74DB76A57E7}.Release|x86.Build.0 = Release|x86
		{A2E43409-4108-4EE6-A804-B3625C9BE684}.Debug|Any CPU.ActiveCfg = Debug|x86
		{A2E43409-4108-4EE6-A804-B3625C9BE684}.Debug|Mixed Platforms.ActiveCfg = Debug|x86
		{A2E43409-4108-4EE6-A804-B3625C9BE684}.Debug|Mixed Platforms.Build.0 = Debug|x86
		{A2E43409-4108-4EE6-A804-B3625C9BE684}.Debug|x86.ActiveCfg = Debug|x86
		{A2E43409-4108-4EE6-A804-B3625C9BE684}.Debug|x86.Build.0 = Debug|x86
		{A2E43409-4108-4EE6-A804-B3625C9BE684}.Release|Any CPU.ActiveCfg = Release|x86
		{A2E43409-4108-4EE6-A804-B3625C9BE684}.Release|Mixed Platforms.ActiveCfg = Release|x86
		{A2E43409-4108-4EE6-A804-B3625C9BE684}.Release|Mixed Platforms.Build.0 = Release|x86
		{A2E43409-4108-4EE6-A804-B3625C9BE684}.Release|x86.ActiveCfg = Release|x86
		{A2E43409-4108-4EE6-A804-B3625C9BE684}.Release|x86.Build.0 = Release|x86
		{C02C9B56-3233-487C-9977-52AF4608CBD7}.Debug|Any CPU.ActiveCfg = Debug|x86
		{C02C9B56-3233-487C-9977-52AF4608CBD7}.Debug|Mixed Platforms.ActiveCfg = Debug|x86
		{C02C9B56-3233-487C-9977-52AF4608CBD7}.Debug|Mixed Platforms.Build.0 = Debug|x86
		{C02C9B56-3233-487C-9977-52AF4608CBD7}.Debug|x86.ActiveCfg = Debug|x86
		{C02C9B56-3233-487C-9977-52AF4608CBD7}.Debug|x86.Build.0 = Debug|x86
		{C02C9B56-3233-487C-9977-52AF4608CBD7}.Release|Any CPU.ActiveCfg = Release|x86
		{C02C9B56-3233-487C-9977-52AF4608CBD7}.Release|Mixed Platforms.ActiveCfg = Release|x86
		{C02C9B56-3233-487C-9977-52AF4608CBD7}.Release|Mixed Platforms.Build.0 = Release|x86
		{C02C9B56-3233-487C-9977-52AF4608CBD7}.Release|x86.ActiveCfg = Release|x86
		{C02C9B56-3233-487C-9977-52AF4608CBD7}.Release|x86.Build.0 = Release|x86
		{A95DA3BC-B32C-438A-86AA-363DFBC6F713}.Debug|Any CPU.ActiveCfg = Debug|x86
		{A95DA3BC-B32C-438A-86AA-363DFBC6F713}.Debug|Mixed Platforms.ActiveCfg = Debug|x86
		{A95DA3BC-B32C-438A-86AA-363DFBC6F713}.Debug|Mixed Platforms.Build.0 = Debug|x86
		{A95DA3BC-B32C-438A-86AA-363DFBC6F713}.Debug|x86.ActiveCfg = Debug|x86
		{A95DA3BC-B32C-438A-86AA-363DFBC6F713}.Debug|x86.Build.0 = Debug|x86
		{A95DA3BC-B32C-438A-86AA-363DFBC6F713}.Release|Any CPU.ActiveCfg = Release|x86
		{A95DA3BC-B32C-438A-86AA-363DFBC6F713}.Release|Mixed Platforms.ActiveCfg = Release|x86
		{A95DA3BC-B32C-438A-86AA-363DFBC6F713}.Release|Mixed Platforms.Build.0 = Release|x86
		{A95DA3BC-B32C-438A-86AA-363DFBC6F713}.Release|x86.ActiveCfg = Release|x86
		{A95DA3BC-B32C-438A-86AA-363DFBC6F713}.Release|x86.Build.0 = Release|x86
		{07A344D1-F022-4785-8A3B-A90DD6E61557}.Debug|Any CPU.ActiveCfg = Debug|Any CPU
		{07A344D1-F022-4785-8A3B-A90DD6E61557}.Debug|Any CPU.Build.0 = Debug|Any CPU
		{07A344D1-F022-4785-8A3B-A90DD6E61557}.Debug|Mixed Platforms.ActiveCfg = Debug|Any CPU
		{07A344D1-F022-4785-8A3B-A90DD6E61557}.Debug|Mixed Platforms.Build.0 = Debug|Any CPU
		{07A344D1-F022-4785-8A3B-A90DD6E61557}.Debug|x86.ActiveCfg = Debug|Any CPU
		{07A344D1-F022-4785-8A3B-A90DD6E61557}.Release|Any CPU.ActiveCfg = Release|Any CPU
		{07A344D1-F022-4785-8A3B-A90DD6E61557}.Release|Any CPU.Build.0 = Release|Any CPU
		{07A344D1-F022-4785-8A3B-A90DD6E61557}.Release|Mixed Platforms.ActiveCfg = Release|Any CPU
		{07A344D1-F022-4785-8A3B-A90DD6E61557}.Release|Mixed Platforms.Build.0 = Release|Any CPU
		{07A344D1-F022-4785-8A3B-A90DD6E61557}.Release|x86.ActiveCfg = Release|Any CPU
		{78B9F0C7-5E96-4546-96BE-1856A7BFDE7B}.Debug|Any CPU.ActiveCfg = Debug|Any CPU
		{78B9F0C7-5E96-4546-96BE-1856A7BFDE7B}.Debug|Any CPU.Build.0 = Debug|Any CPU
		{78B9F0C7-5E96-4546-96BE-1856A7BFDE7B}.Debug|Mixed Platforms.ActiveCfg = Debug|Any CPU
		{78B9F0C7-5E96-4546-96BE-1856A7BFDE7B}.Debug|Mixed Platforms.Build.0 = Debug|Any CPU
		{78B9F0C7-5E96-4546-96BE-1856A7BFDE7B}.Debug|x86.ActiveCfg = Debug|Any CPU
		{78B9F0C7-5E96-4546-96BE-1856A7BFDE7B}.Release|Any CPU.ActiveCfg = Release|Any CPU
		{78B9F0C7-5E96-4546-96BE-1856A7BFDE7B}.Release|Any CPU.Build.0 = Release|Any CPU
		{78B9F0C7-5E96-4546-96BE-1856A7BFDE7B}.Release|Mixed Platforms.ActiveCfg = Release|Any CPU
		{78B9F0C7-5E96-4546-96BE-1856A7BFDE7B}.Release|Mixed Platforms.Build.0 = Release|Any CPU
		{78B9F0C7-5E96-4546-96BE-1856A7BFDE7B}.Release|x86.ActiveCfg = Release|Any CPU
		{C18EF1C7-7F80-42BC-9BFC-6CD7E684534A}.Debug|Any CPU.ActiveCfg = Debug|Any CPU
		{C18EF1C7-7F80-42BC-9BFC-6CD7E684534A}.Debug|Any CPU.Build.0 = Debug|Any CPU
		{C18EF1C7-7F80-42BC-9BFC-6CD7E684534A}.Debug|Mixed Platforms.ActiveCfg = Debug|Any CPU
		{C18EF1C7-7F80-42BC-9BFC-6CD7E684534A}.Debug|Mixed Platforms.Build.0 = Debug|Any CPU
		{C18EF1C7-7F80-42BC-9BFC-6CD7E684534A}.Debug|x86.ActiveCfg = Debug|Any CPU
		{C18EF1C7-7F80-42BC-9BFC-6CD7E684534A}.Release|Any CPU.ActiveCfg = Release|Any CPU
		{C18EF1C7-7F80-42BC-9BFC-6CD7E684534A}.Release|Any CPU.Build.0 = Release|Any CPU
		{C18EF1C7-7F80-42BC-9BFC-6CD7E684534A}.Release|Mixed Platforms.ActiveCfg = Release|Any CPU
		{C18EF1C7-7F80-42BC-9BFC-6CD7E684534A}.Release|Mixed Platforms.Build.0 = Release|Any CPU
		{C18EF1C7-7F80-42BC-9BFC-6CD7E684534A}.Release|x86.ActiveCfg = Release|Any CPU
		{3970A38A-51ED-4460-818E-FB2FCD4A1318}.Debug|Any CPU.ActiveCfg = Debug|Any CPU
		{3970A38A-51ED-4460-818E-FB2FCD4A1318}.Debug|Any CPU.Build.0 = Debug|Any CPU
		{3970A38A-51ED-4460-818E-FB2FCD4A1318}.Debug|Mixed Platforms.ActiveCfg = Debug|Any CPU
		{3970A38A-51ED-4460-818E-FB2FCD4A1318}.Debug|Mixed Platforms.Build.0 = Debug|Any CPU
		{3970A38A-51ED-4460-818E-FB2FCD4A1318}.Debug|x86.ActiveCfg = Debug|Any CPU
		{3970A38A-51ED-4460-818E-FB2FCD4A1318}.Release|Any CPU.ActiveCfg = Release|Any CPU
		{3970A38A-51ED-4460-818E-FB2FCD4A1318}.Release|Any CPU.Build.0 = Release|Any CPU
		{3970A38A-51ED-4460-818E-FB2FCD4A1318}.Release|Mixed Platforms.ActiveCfg = Release|Any CPU
		{3970A38A-51ED-4460-818E-FB2FCD4A1318}.Release|Mixed Platforms.Build.0 = Release|Any CPU
		{3970A38A-51ED-4460-818E-FB2FCD4A1318}.Release|x86.ActiveCfg = Release|Any CPU
		{A1318528-F26F-4F8A-AC4B-8AFD4BF41E7C}.Debug|Any CPU.ActiveCfg = Debug|x86
		{A1318528-F26F-4F8A-AC4B-8AFD4BF41E7C}.Debug|Mixed Platforms.ActiveCfg = Debug|x86
		{A1318528-F26F-4F8A-AC4B-8AFD4BF41E7C}.Debug|Mixed Platforms.Build.0 = Debug|x86
		{A1318528-F26F-4F8A-AC4B-8AFD4BF41E7C}.Debug|x86.ActiveCfg = Debug|x86
		{A1318528-F26F-4F8A-AC4B-8AFD4BF41E7C}.Debug|x86.Build.0 = Debug|x86
		{A1318528-F26F-4F8A-AC4B-8AFD4BF41E7C}.Release|Any CPU.ActiveCfg = Release|x86
		{A1318528-F26F-4F8A-AC4B-8AFD4BF41E7C}.Release|Mixed Platforms.ActiveCfg = Release|x86
		{A1318528-F26F-4F8A-AC4B-8AFD4BF41E7C}.Release|Mixed Platforms.Build.0 = Release|x86
		{A1318528-F26F-4F8A-AC4B-8AFD4BF41E7C}.Release|x86.ActiveCfg = Release|x86
		{A1318528-F26F-4F8A-AC4B-8AFD4BF41E7C}.Release|x86.Build.0 = Release|x86
		{35F4781E-6D36-47E8-86A9-CED63C17E031}.Debug|Any CPU.ActiveCfg = Debug|Any CPU
		{35F4781E-6D36-47E8-86A9-CED63C17E031}.Debug|Any CPU.Build.0 = Debug|Any CPU
		{35F4781E-6D36-47E8-86A9-CED63C17E031}.Debug|Mixed Platforms.ActiveCfg = Debug|Any CPU
		{35F4781E-6D36-47E8-86A9-CED63C17E031}.Debug|Mixed Platforms.Build.0 = Debug|Any CPU
		{35F4781E-6D36-47E8-86A9-CED63C17E031}.Debug|x86.ActiveCfg = Debug|Any CPU
		{35F4781E-6D36-47E8-86A9-CED63C17E031}.Release|Any CPU.ActiveCfg = Release|Any CPU
		{35F4781E-6D36-47E8-86A9-CED63C17E031}.Release|Any CPU.Build.0 = Release|Any CPU
		{35F4781E-6D36-47E8-86A9-CED63C17E031}.Release|Mixed Platforms.ActiveCfg = Release|Any CPU
		{35F4781E-6D36-47E8-86A9-CED63C17E031}.Release|Mixed Platforms.Build.0 = Release|Any CPU
		{35F4781E-6D36-47E8-86A9-CED63C17E031}.Release|x86.ActiveCfg = Release|Any CPU
		{65E9D39D-D267-4147-966B-A1581E0F8BBC}.Debug|Any CPU.ActiveCfg = Debug|Any CPU
		{65E9D39D-D267-4147-966B-A1581E0F8BBC}.Debug|Any CPU.Build.0 = Debug|Any CPU
		{65E9D39D-D267-4147-966B-A1581E0F8BBC}.Debug|Mixed Platforms.ActiveCfg = Debug|Any CPU
		{65E9D39D-D267-4147-966B-A1581E0F8BBC}.Debug|Mixed Platforms.Build.0 = Debug|Any CPU
		{65E9D39D-D267-4147-966B-A1581E0F8BBC}.Debug|x86.ActiveCfg = Debug|Any CPU
		{65E9D39D-D267-4147-966B-A1581E0F8BBC}.Release|Any CPU.ActiveCfg = Release|Any CPU
		{65E9D39D-D267-4147-966B-A1581E0F8BBC}.Release|Any CPU.Build.0 = Release|Any CPU
		{65E9D39D-D267-4147-966B-A1581E0F8BBC}.Release|Mixed Platforms.ActiveCfg = Release|Any CPU
		{65E9D39D-D267-4147-966B-A1581E0F8BBC}.Release|Mixed Platforms.Build.0 = Release|Any CPU
		{65E9D39D-D267-4147-966B-A1581E0F8BBC}.Release|x86.ActiveCfg = Release|Any CPU
		{CE5E73DA-0F1C-4DC0-A6D6-CD125A673A90}.Debug|Any CPU.ActiveCfg = Debug|Any CPU
		{CE5E73DA-0F1C-4DC0-A6D6-CD125A673A90}.Debug|Any CPU.Build.0 = Debug|Any CPU
		{CE5E73DA-0F1C-4DC0-A6D6-CD125A673A90}.Debug|Mixed Platforms.ActiveCfg = Debug|Any CPU
		{CE5E73DA-0F1C-4DC0-A6D6-CD125A673A90}.Debug|Mixed Platforms.Build.0 = Debug|Any CPU
		{CE5E73DA-0F1C-4DC0-A6D6-CD125A673A90}.Debug|x86.ActiveCfg = Debug|Any CPU
		{CE5E73DA-0F1C-4DC0-A6D6-CD125A673A90}.Release|Any CPU.ActiveCfg = Release|Any CPU
		{CE5E73DA-0F1C-4DC0-A6D6-CD125A673A90}.Release|Any CPU.Build.0 = Release|Any CPU
		{CE5E73DA-0F1C-4DC0-A6D6-CD125A673A90}.Release|Mixed Platforms.ActiveCfg = Release|Any CPU
		{CE5E73DA-0F1C-4DC0-A6D6-CD125A673A90}.Release|Mixed Platforms.Build.0 = Release|Any CPU
		{CE5E73DA-0F1C-4DC0-A6D6-CD125A673A90}.Release|x86.ActiveCfg = Release|Any CPU
		{0A88CFFE-0CA1-472E-8CD6-094B4E354CB5}.Debug|Any CPU.ActiveCfg = Debug|Any CPU
		{0A88CFFE-0CA1-472E-8CD6-094B4E354CB5}.Debug|Any CPU.Build.0 = Debug|Any CPU
		{0A88CFFE-0CA1-472E-8CD6-094B4E354CB5}.Debug|Mixed Platforms.ActiveCfg = Debug|Any CPU
		{0A88CFFE-0CA1-472E-8CD6-094B4E354CB5}.Debug|Mixed Platforms.Build.0 = Debug|Any CPU
		{0A88CFFE-0CA1-472E-8CD6-094B4E354CB5}.Debug|x86.ActiveCfg = Debug|Any CPU
		{0A88CFFE-0CA1-472E-8CD6-094B4E354CB5}.Release|Any CPU.ActiveCfg = Release|Any CPU
		{0A88CFFE-0CA1-472E-8CD6-094B4E354CB5}.Release|Any CPU.Build.0 = Release|Any CPU
		{0A88CFFE-0CA1-472E-8CD6-094B4E354CB5}.Release|Mixed Platforms.ActiveCfg = Release|Any CPU
		{0A88CFFE-0CA1-472E-8CD6-094B4E354CB5}.Release|Mixed Platforms.Build.0 = Release|Any CPU
		{0A88CFFE-0CA1-472E-8CD6-094B4E354CB5}.Release|x86.ActiveCfg = Release|Any CPU
		{AFB313F3-FB5F-47C9-896E-97DEE2432E4D}.Debug|Any CPU.ActiveCfg = Debug|Any CPU
		{AFB313F3-FB5F-47C9-896E-97DEE2432E4D}.Debug|Any CPU.Build.0 = Debug|Any CPU
		{AFB313F3-FB5F-47C9-896E-97DEE2432E4D}.Debug|Mixed Platforms.ActiveCfg = Debug|Any CPU
		{AFB313F3-FB5F-47C9-896E-97DEE2432E4D}.Debug|Mixed Platforms.Build.0 = Debug|Any CPU
		{AFB313F3-FB5F-47C9-896E-97DEE2432E4D}.Debug|x86.ActiveCfg = Debug|Any CPU
		{AFB313F3-FB5F-47C9-896E-97DEE2432E4D}.Release|Any CPU.ActiveCfg = Release|Any CPU
		{AFB313F3-FB5F-47C9-896E-97DEE2432E4D}.Release|Any CPU.Build.0 = Release|Any CPU
		{AFB313F3-FB5F-47C9-896E-97DEE2432E4D}.Release|Mixed Platforms.ActiveCfg = Release|Any CPU
		{AFB313F3-FB5F-47C9-896E-97DEE2432E4D}.Release|Mixed Platforms.Build.0 = Release|Any CPU
		{AFB313F3-FB5F-47C9-896E-97DEE2432E4D}.Release|x86.ActiveCfg = Release|Any CPU
		{7B5201EE-BA3D-4F7E-94F4-94DEDFD31F13}.Debug|Any CPU.ActiveCfg = Debug|Any CPU
		{7B5201EE-BA3D-4F7E-94F4-94DEDFD31F13}.Debug|Any CPU.Build.0 = Debug|Any CPU
		{7B5201EE-BA3D-4F7E-94F4-94DEDFD31F13}.Debug|Mixed Platforms.ActiveCfg = Debug|Any CPU
		{7B5201EE-BA3D-4F7E-94F4-94DEDFD31F13}.Debug|Mixed Platforms.Build.0 = Debug|Any CPU
		{7B5201EE-BA3D-4F7E-94F4-94DEDFD31F13}.Debug|x86.ActiveCfg = Debug|Any CPU
		{7B5201EE-BA3D-4F7E-94F4-94DEDFD31F13}.Release|Any CPU.ActiveCfg = Release|Any CPU
		{7B5201EE-BA3D-4F7E-94F4-94DEDFD31F13}.Release|Any CPU.Build.0 = Release|Any CPU
		{7B5201EE-BA3D-4F7E-94F4-94DEDFD31F13}.Release|Mixed Platforms.ActiveCfg = Release|Any CPU
		{7B5201EE-BA3D-4F7E-94F4-94DEDFD31F13}.Release|Mixed Platforms.Build.0 = Release|Any CPU
		{7B5201EE-BA3D-4F7E-94F4-94DEDFD31F13}.Release|x86.ActiveCfg = Release|Any CPU
		{6AA23A14-690E-4278-9B88-233F1E94A997}.Debug|Any CPU.ActiveCfg = Debug|Any CPU
		{6AA23A14-690E-4278-9B88-233F1E94A997}.Debug|Any CPU.Build.0 = Debug|Any CPU
		{6AA23A14-690E-4278-9B88-233F1E94A997}.Debug|Mixed Platforms.ActiveCfg = Debug|Any CPU
		{6AA23A14-690E-4278-9B88-233F1E94A997}.Debug|Mixed Platforms.Build.0 = Debug|Any CPU
		{6AA23A14-690E-4278-9B88-233F1E94A997}.Debug|x86.ActiveCfg = Debug|Any CPU
		{6AA23A14-690E-4278-9B88-233F1E94A997}.Release|Any CPU.ActiveCfg = Release|Any CPU
		{6AA23A14-690E-4278-9B88-233F1E94A997}.Release|Any CPU.Build.0 = Release|Any CPU
		{6AA23A14-690E-4278-9B88-233F1E94A997}.Release|Mixed Platforms.ActiveCfg = Release|Any CPU
		{6AA23A14-690E-4278-9B88-233F1E94A997}.Release|Mixed Platforms.Build.0 = Release|Any CPU
		{6AA23A14-690E-4278-9B88-233F1E94A997}.Release|x86.ActiveCfg = Release|Any CPU
		{045D8D76-AEE0-4A05-931E-564AE965FAD4}.Debug|Any CPU.ActiveCfg = Debug|Any CPU
		{045D8D76-AEE0-4A05-931E-564AE965FAD4}.Debug|Any CPU.Build.0 = Debug|Any CPU
		{045D8D76-AEE0-4A05-931E-564AE965FAD4}.Debug|Mixed Platforms.ActiveCfg = Debug|Any CPU
		{045D8D76-AEE0-4A05-931E-564AE965FAD4}.Debug|Mixed Platforms.Build.0 = Debug|Any CPU
		{045D8D76-AEE0-4A05-931E-564AE965FAD4}.Debug|x86.ActiveCfg = Debug|Any CPU
		{045D8D76-AEE0-4A05-931E-564AE965FAD4}.Release|Any CPU.ActiveCfg = Release|Any CPU
		{045D8D76-AEE0-4A05-931E-564AE965FAD4}.Release|Any CPU.Build.0 = Release|Any CPU
		{045D8D76-AEE0-4A05-931E-564AE965FAD4}.Release|Mixed Platforms.ActiveCfg = Release|Any CPU
		{045D8D76-AEE0-4A05-931E-564AE965FAD4}.Release|Mixed Platforms.Build.0 = Release|Any CPU
		{045D8D76-AEE0-4A05-931E-564AE965FAD4}.Release|x86.ActiveCfg = Release|Any CPU
		{AF1C929F-17B2-4CB1-9938-9DA6759413CB}.Debug|Any CPU.ActiveCfg = Debug|Any CPU
		{AF1C929F-17B2-4CB1-9938-9DA6759413CB}.Debug|Any CPU.Build.0 = Debug|Any CPU
		{AF1C929F-17B2-4CB1-9938-9DA6759413CB}.Debug|Mixed Platforms.ActiveCfg = Debug|Any CPU
		{AF1C929F-17B2-4CB1-9938-9DA6759413CB}.Debug|Mixed Platforms.Build.0 = Debug|Any CPU
		{AF1C929F-17B2-4CB1-9938-9DA6759413CB}.Debug|x86.ActiveCfg = Debug|Any CPU
		{AF1C929F-17B2-4CB1-9938-9DA6759413CB}.Release|Any CPU.ActiveCfg = Release|Any CPU
		{AF1C929F-17B2-4CB1-9938-9DA6759413CB}.Release|Any CPU.Build.0 = Release|Any CPU
		{AF1C929F-17B2-4CB1-9938-9DA6759413CB}.Release|Mixed Platforms.ActiveCfg = Release|Any CPU
		{AF1C929F-17B2-4CB1-9938-9DA6759413CB}.Release|Mixed Platforms.Build.0 = Release|Any CPU
		{AF1C929F-17B2-4CB1-9938-9DA6759413CB}.Release|x86.ActiveCfg = Release|Any CPU
		{48B33610-B87A-4ADE-AF9D-F34B856A2C9F}.Debug|Any CPU.ActiveCfg = Debug|Any CPU
		{48B33610-B87A-4ADE-AF9D-F34B856A2C9F}.Debug|Any CPU.Build.0 = Debug|Any CPU
		{48B33610-B87A-4ADE-AF9D-F34B856A2C9F}.Debug|Mixed Platforms.ActiveCfg = Debug|Any CPU
		{48B33610-B87A-4ADE-AF9D-F34B856A2C9F}.Debug|Mixed Platforms.Build.0 = Debug|Any CPU
		{48B33610-B87A-4ADE-AF9D-F34B856A2C9F}.Debug|x86.ActiveCfg = Debug|Any CPU
		{48B33610-B87A-4ADE-AF9D-F34B856A2C9F}.Release|Any CPU.ActiveCfg = Release|Any CPU
		{48B33610-B87A-4ADE-AF9D-F34B856A2C9F}.Release|Any CPU.Build.0 = Release|Any CPU
		{48B33610-B87A-4ADE-AF9D-F34B856A2C9F}.Release|Mixed Platforms.ActiveCfg = Release|Any CPU
		{48B33610-B87A-4ADE-AF9D-F34B856A2C9F}.Release|Mixed Platforms.Build.0 = Release|Any CPU
		{48B33610-B87A-4ADE-AF9D-F34B856A2C9F}.Release|x86.ActiveCfg = Release|Any CPU
		{7715305D-3CB1-48C2-A907-49C7DC45D20F}.Debug|Any CPU.ActiveCfg = Debug|Any CPU
		{7715305D-3CB1-48C2-A907-49C7DC45D20F}.Debug|Any CPU.Build.0 = Debug|Any CPU
		{7715305D-3CB1-48C2-A907-49C7DC45D20F}.Debug|Mixed Platforms.ActiveCfg = Debug|Any CPU
		{7715305D-3CB1-48C2-A907-49C7DC45D20F}.Debug|Mixed Platforms.Build.0 = Debug|Any CPU
		{7715305D-3CB1-48C2-A907-49C7DC45D20F}.Debug|x86.ActiveCfg = Debug|Any CPU
		{7715305D-3CB1-48C2-A907-49C7DC45D20F}.Release|Any CPU.ActiveCfg = Release|Any CPU
		{7715305D-3CB1-48C2-A907-49C7DC45D20F}.Release|Any CPU.Build.0 = Release|Any CPU
		{7715305D-3CB1-48C2-A907-49C7DC45D20F}.Release|Mixed Platforms.ActiveCfg = Release|Any CPU
		{7715305D-3CB1-48C2-A907-49C7DC45D20F}.Release|Mixed Platforms.Build.0 = Release|Any CPU
		{7715305D-3CB1-48C2-A907-49C7DC45D20F}.Release|x86.ActiveCfg = Release|Any CPU
		{2BEDACC7-37ED-4976-9D94-7881CF66CCDD}.Debug|Any CPU.ActiveCfg = Debug|Any CPU
		{2BEDACC7-37ED-4976-9D94-7881CF66CCDD}.Debug|Any CPU.Build.0 = Debug|Any CPU
		{2BEDACC7-37ED-4976-9D94-7881CF66CCDD}.Debug|Mixed Platforms.ActiveCfg = Debug|Any CPU
		{2BEDACC7-37ED-4976-9D94-7881CF66CCDD}.Debug|Mixed Platforms.Build.0 = Debug|Any CPU
		{2BEDACC7-37ED-4976-9D94-7881CF66CCDD}.Debug|x86.ActiveCfg = Debug|Any CPU
		{2BEDACC7-37ED-4976-9D94-7881CF66CCDD}.Release|Any CPU.ActiveCfg = Release|Any CPU
		{2BEDACC7-37ED-4976-9D94-7881CF66CCDD}.Release|Any CPU.Build.0 = Release|Any CPU
		{2BEDACC7-37ED-4976-9D94-7881CF66CCDD}.Release|Mixed Platforms.ActiveCfg = Release|Any CPU
		{2BEDACC7-37ED-4976-9D94-7881CF66CCDD}.Release|Mixed Platforms.Build.0 = Release|Any CPU
		{2BEDACC7-37ED-4976-9D94-7881CF66CCDD}.Release|x86.ActiveCfg = Release|Any CPU
		{D868FA14-32F4-4EF5-895F-DAAA867FE9FD}.Debug|Any CPU.ActiveCfg = Debug|Any CPU
		{D868FA14-32F4-4EF5-895F-DAAA867FE9FD}.Debug|Any CPU.Build.0 = Debug|Any CPU
		{D868FA14-32F4-4EF5-895F-DAAA867FE9FD}.Debug|Mixed Platforms.ActiveCfg = Debug|Any CPU
		{D868FA14-32F4-4EF5-895F-DAAA867FE9FD}.Debug|Mixed Platforms.Build.0 = Debug|Any CPU
		{D868FA14-32F4-4EF5-895F-DAAA867FE9FD}.Debug|x86.ActiveCfg = Debug|Any CPU
		{D868FA14-32F4-4EF5-895F-DAAA867FE9FD}.Release|Any CPU.ActiveCfg = Release|Any CPU
		{D868FA14-32F4-4EF5-895F-DAAA867FE9FD}.Release|Any CPU.Build.0 = Release|Any CPU
		{D868FA14-32F4-4EF5-895F-DAAA867FE9FD}.Release|Mixed Platforms.ActiveCfg = Release|Any CPU
		{D868FA14-32F4-4EF5-895F-DAAA867FE9FD}.Release|Mixed Platforms.Build.0 = Release|Any CPU
		{D868FA14-32F4-4EF5-895F-DAAA867FE9FD}.Release|x86.ActiveCfg = Release|Any CPU
		{21962F19-6E39-4927-AD48-EB9885CA4143}.Debug|Any CPU.ActiveCfg = Debug|Any CPU
		{21962F19-6E39-4927-AD48-EB9885CA4143}.Debug|Any CPU.Build.0 = Debug|Any CPU
		{21962F19-6E39-4927-AD48-EB9885CA4143}.Debug|Mixed Platforms.ActiveCfg = Debug|Any CPU
		{21962F19-6E39-4927-AD48-EB9885CA4143}.Debug|Mixed Platforms.Build.0 = Debug|Any CPU
		{21962F19-6E39-4927-AD48-EB9885CA4143}.Debug|x86.ActiveCfg = Debug|Any CPU
		{21962F19-6E39-4927-AD48-EB9885CA4143}.Release|Any CPU.ActiveCfg = Release|Any CPU
		{21962F19-6E39-4927-AD48-EB9885CA4143}.Release|Any CPU.Build.0 = Release|Any CPU
		{21962F19-6E39-4927-AD48-EB9885CA4143}.Release|Mixed Platforms.ActiveCfg = Release|Any CPU
		{21962F19-6E39-4927-AD48-EB9885CA4143}.Release|Mixed Platforms.Build.0 = Release|Any CPU
		{21962F19-6E39-4927-AD48-EB9885CA4143}.Release|x86.ActiveCfg = Release|Any CPU
		{4587A1CF-CC65-47C4-AC55-5B8C0F13B53E}.Debug|Any CPU.ActiveCfg = Debug|Any CPU
		{4587A1CF-CC65-47C4-AC55-5B8C0F13B53E}.Debug|Any CPU.Build.0 = Debug|Any CPU
		{4587A1CF-CC65-47C4-AC55-5B8C0F13B53E}.Debug|Mixed Platforms.ActiveCfg = Debug|Any CPU
		{4587A1CF-CC65-47C4-AC55-5B8C0F13B53E}.Debug|Mixed Platforms.Build.0 = Debug|Any CPU
		{4587A1CF-CC65-47C4-AC55-5B8C0F13B53E}.Debug|x86.ActiveCfg = Debug|Any CPU
		{4587A1CF-CC65-47C4-AC55-5B8C0F13B53E}.Release|Any CPU.ActiveCfg = Release|Any CPU
		{4587A1CF-CC65-47C4-AC55-5B8C0F13B53E}.Release|Any CPU.Build.0 = Release|Any CPU
		{4587A1CF-CC65-47C4-AC55-5B8C0F13B53E}.Release|Mixed Platforms.ActiveCfg = Release|Any CPU
		{4587A1CF-CC65-47C4-AC55-5B8C0F13B53E}.Release|Mixed Platforms.Build.0 = Release|Any CPU
		{4587A1CF-CC65-47C4-AC55-5B8C0F13B53E}.Release|x86.ActiveCfg = Release|Any CPU
		{FECBFB29-A108-413E-80E5-AE9EC77218E4}.Debug|Any CPU.ActiveCfg = Debug|Any CPU
		{FECBFB29-A108-413E-80E5-AE9EC77218E4}.Debug|Any CPU.Build.0 = Debug|Any CPU
		{FECBFB29-A108-413E-80E5-AE9EC77218E4}.Debug|Mixed Platforms.ActiveCfg = Debug|Any CPU
		{FECBFB29-A108-413E-80E5-AE9EC77218E4}.Debug|Mixed Platforms.Build.0 = Debug|Any CPU
		{FECBFB29-A108-413E-80E5-AE9EC77218E4}.Debug|x86.ActiveCfg = Debug|Any CPU
		{FECBFB29-A108-413E-80E5-AE9EC77218E4}.Release|Any CPU.ActiveCfg = Release|Any CPU
		{FECBFB29-A108-413E-80E5-AE9EC77218E4}.Release|Any CPU.Build.0 = Release|Any CPU
		{FECBFB29-A108-413E-80E5-AE9EC77218E4}.Release|Mixed Platforms.ActiveCfg = Release|Any CPU
		{FECBFB29-A108-413E-80E5-AE9EC77218E4}.Release|Mixed Platforms.Build.0 = Release|Any CPU
		{FECBFB29-A108-413E-80E5-AE9EC77218E4}.Release|x86.ActiveCfg = Release|Any CPU
		{EC52BCB5-E4BC-4A5D-94AE-D61074C3F83D}.Debug|Any CPU.ActiveCfg = Debug|Any CPU
		{EC52BCB5-E4BC-4A5D-94AE-D61074C3F83D}.Debug|Any CPU.Build.0 = Debug|Any CPU
		{EC52BCB5-E4BC-4A5D-94AE-D61074C3F83D}.Debug|Mixed Platforms.ActiveCfg = Debug|Any CPU
		{EC52BCB5-E4BC-4A5D-94AE-D61074C3F83D}.Debug|Mixed Platforms.Build.0 = Debug|Any CPU
		{EC52BCB5-E4BC-4A5D-94AE-D61074C3F83D}.Debug|x86.ActiveCfg = Debug|Any CPU
		{EC52BCB5-E4BC-4A5D-94AE-D61074C3F83D}.Release|Any CPU.ActiveCfg = Release|Any CPU
		{EC52BCB5-E4BC-4A5D-94AE-D61074C3F83D}.Release|Any CPU.Build.0 = Release|Any CPU
		{EC52BCB5-E4BC-4A5D-94AE-D61074C3F83D}.Release|Mixed Platforms.ActiveCfg = Release|Any CPU
		{EC52BCB5-E4BC-4A5D-94AE-D61074C3F83D}.Release|Mixed Platforms.Build.0 = Release|Any CPU
		{EC52BCB5-E4BC-4A5D-94AE-D61074C3F83D}.Release|x86.ActiveCfg = Release|Any CPU
		{B10E2CF5-8D43-4CB2-8A9F-BB1473A61657}.Debug|Any CPU.ActiveCfg = Debug|Any CPU
		{B10E2CF5-8D43-4CB2-8A9F-BB1473A61657}.Debug|Any CPU.Build.0 = Debug|Any CPU
		{B10E2CF5-8D43-4CB2-8A9F-BB1473A61657}.Debug|Mixed Platforms.ActiveCfg = Debug|Any CPU
		{B10E2CF5-8D43-4CB2-8A9F-BB1473A61657}.Debug|Mixed Platforms.Build.0 = Debug|Any CPU
		{B10E2CF5-8D43-4CB2-8A9F-BB1473A61657}.Debug|x86.ActiveCfg = Debug|Any CPU
		{B10E2CF5-8D43-4CB2-8A9F-BB1473A61657}.Release|Any CPU.ActiveCfg = Release|Any CPU
		{B10E2CF5-8D43-4CB2-8A9F-BB1473A61657}.Release|Any CPU.Build.0 = Release|Any CPU
		{B10E2CF5-8D43-4CB2-8A9F-BB1473A61657}.Release|Mixed Platforms.ActiveCfg = Release|Any CPU
		{B10E2CF5-8D43-4CB2-8A9F-BB1473A61657}.Release|Mixed Platforms.Build.0 = Release|Any CPU
		{B10E2CF5-8D43-4CB2-8A9F-BB1473A61657}.Release|x86.ActiveCfg = Release|Any CPU
		{C7C57C51-C85B-44C4-8DAE-429F38E35F06}.Debug|Any CPU.ActiveCfg = Debug|Any CPU
		{C7C57C51-C85B-44C4-8DAE-429F38E35F06}.Debug|Any CPU.Build.0 = Debug|Any CPU
		{C7C57C51-C85B-44C4-8DAE-429F38E35F06}.Debug|Mixed Platforms.ActiveCfg = Debug|Any CPU
		{C7C57C51-C85B-44C4-8DAE-429F38E35F06}.Debug|Mixed Platforms.Build.0 = Debug|Any CPU
		{C7C57C51-C85B-44C4-8DAE-429F38E35F06}.Debug|x86.ActiveCfg = Debug|Any CPU
		{C7C57C51-C85B-44C4-8DAE-429F38E35F06}.Release|Any CPU.ActiveCfg = Release|Any CPU
		{C7C57C51-C85B-44C4-8DAE-429F38E35F06}.Release|Any CPU.Build.0 = Release|Any CPU
		{C7C57C51-C85B-44C4-8DAE-429F38E35F06}.Release|Mixed Platforms.ActiveCfg = Release|Any CPU
		{C7C57C51-C85B-44C4-8DAE-429F38E35F06}.Release|Mixed Platforms.Build.0 = Release|Any CPU
		{C7C57C51-C85B-44C4-8DAE-429F38E35F06}.Release|x86.ActiveCfg = Release|Any CPU
		{12E05C2C-C121-4E2D-9BF5-E6E96CC80CF6}.Debug|Any CPU.ActiveCfg = Debug|Any CPU
		{12E05C2C-C121-4E2D-9BF5-E6E96CC80CF6}.Debug|Any CPU.Build.0 = Debug|Any CPU
		{12E05C2C-C121-4E2D-9BF5-E6E96CC80CF6}.Debug|Mixed Platforms.ActiveCfg = Debug|Any CPU
		{12E05C2C-C121-4E2D-9BF5-E6E96CC80CF6}.Debug|Mixed Platforms.Build.0 = Debug|Any CPU
		{12E05C2C-C121-4E2D-9BF5-E6E96CC80CF6}.Debug|x86.ActiveCfg = Debug|Any CPU
		{12E05C2C-C121-4E2D-9BF5-E6E96CC80CF6}.Release|Any CPU.ActiveCfg = Release|Any CPU
		{12E05C2C-C121-4E2D-9BF5-E6E96CC80CF6}.Release|Any CPU.Build.0 = Release|Any CPU
		{12E05C2C-C121-4E2D-9BF5-E6E96CC80CF6}.Release|Mixed Platforms.ActiveCfg = Release|Any CPU
		{12E05C2C-C121-4E2D-9BF5-E6E96CC80CF6}.Release|Mixed Platforms.Build.0 = Release|Any CPU
		{12E05C2C-C121-4E2D-9BF5-E6E96CC80CF6}.Release|x86.ActiveCfg = Release|Any CPU
		{F044A2D5-9553-4A13-A0CA-ACAB9E931207}.Debug|Any CPU.ActiveCfg = Debug|Any CPU
		{F044A2D5-9553-4A13-A0CA-ACAB9E931207}.Debug|Any CPU.Build.0 = Debug|Any CPU
		{F044A2D5-9553-4A13-A0CA-ACAB9E931207}.Debug|Mixed Platforms.ActiveCfg = Debug|Any CPU
		{F044A2D5-9553-4A13-A0CA-ACAB9E931207}.Debug|Mixed Platforms.Build.0 = Debug|Any CPU
		{F044A2D5-9553-4A13-A0CA-ACAB9E931207}.Debug|x86.ActiveCfg = Debug|Any CPU
		{F044A2D5-9553-4A13-A0CA-ACAB9E931207}.Release|Any CPU.ActiveCfg = Release|Any CPU
		{F044A2D5-9553-4A13-A0CA-ACAB9E931207}.Release|Any CPU.Build.0 = Release|Any CPU
		{F044A2D5-9553-4A13-A0CA-ACAB9E931207}.Release|Mixed Platforms.ActiveCfg = Release|Any CPU
		{F044A2D5-9553-4A13-A0CA-ACAB9E931207}.Release|Mixed Platforms.Build.0 = Release|Any CPU
		{F044A2D5-9553-4A13-A0CA-ACAB9E931207}.Release|x86.ActiveCfg = Release|Any CPU
		{726515CF-3835-4F1D-98F1-757A365991A5}.Debug|Any CPU.ActiveCfg = Debug|Any CPU
		{726515CF-3835-4F1D-98F1-757A365991A5}.Debug|Any CPU.Build.0 = Debug|Any CPU
		{726515CF-3835-4F1D-98F1-757A365991A5}.Debug|Mixed Platforms.ActiveCfg = Debug|Any CPU
		{726515CF-3835-4F1D-98F1-757A365991A5}.Debug|Mixed Platforms.Build.0 = Debug|Any CPU
		{726515CF-3835-4F1D-98F1-757A365991A5}.Debug|x86.ActiveCfg = Debug|Any CPU
		{726515CF-3835-4F1D-98F1-757A365991A5}.Release|Any CPU.ActiveCfg = Release|Any CPU
		{726515CF-3835-4F1D-98F1-757A365991A5}.Release|Any CPU.Build.0 = Release|Any CPU
		{726515CF-3835-4F1D-98F1-757A365991A5}.Release|Mixed Platforms.ActiveCfg = Release|Any CPU
		{726515CF-3835-4F1D-98F1-757A365991A5}.Release|Mixed Platforms.Build.0 = Release|Any CPU
		{726515CF-3835-4F1D-98F1-757A365991A5}.Release|x86.ActiveCfg = Release|Any CPU
		{70EC3CDB-2741-4C3C-A4BF-59039A765A27}.Debug|Any CPU.ActiveCfg = Debug|Any CPU
		{70EC3CDB-2741-4C3C-A4BF-59039A765A27}.Debug|Any CPU.Build.0 = Debug|Any CPU
		{70EC3CDB-2741-4C3C-A4BF-59039A765A27}.Debug|Mixed Platforms.ActiveCfg = Debug|Any CPU
		{70EC3CDB-2741-4C3C-A4BF-59039A765A27}.Debug|Mixed Platforms.Build.0 = Debug|Any CPU
		{70EC3CDB-2741-4C3C-A4BF-59039A765A27}.Debug|x86.ActiveCfg = Debug|Any CPU
		{70EC3CDB-2741-4C3C-A4BF-59039A765A27}.Release|Any CPU.ActiveCfg = Release|Any CPU
		{70EC3CDB-2741-4C3C-A4BF-59039A765A27}.Release|Any CPU.Build.0 = Release|Any CPU
		{70EC3CDB-2741-4C3C-A4BF-59039A765A27}.Release|Mixed Platforms.ActiveCfg = Release|Any CPU
		{70EC3CDB-2741-4C3C-A4BF-59039A765A27}.Release|Mixed Platforms.Build.0 = Release|Any CPU
		{70EC3CDB-2741-4C3C-A4BF-59039A765A27}.Release|x86.ActiveCfg = Release|Any CPU
		{C32AFFF6-86A9-4AE1-A704-6D28C5AC2291}.Debug|Any CPU.ActiveCfg = Debug|Any CPU
		{C32AFFF6-86A9-4AE1-A704-6D28C5AC2291}.Debug|Any CPU.Build.0 = Debug|Any CPU
		{C32AFFF6-86A9-4AE1-A704-6D28C5AC2291}.Debug|Mixed Platforms.ActiveCfg = Debug|Any CPU
		{C32AFFF6-86A9-4AE1-A704-6D28C5AC2291}.Debug|Mixed Platforms.Build.0 = Debug|Any CPU
		{C32AFFF6-86A9-4AE1-A704-6D28C5AC2291}.Debug|x86.ActiveCfg = Debug|Any CPU
		{C32AFFF6-86A9-4AE1-A704-6D28C5AC2291}.Release|Any CPU.ActiveCfg = Release|Any CPU
		{C32AFFF6-86A9-4AE1-A704-6D28C5AC2291}.Release|Any CPU.Build.0 = Release|Any CPU
		{C32AFFF6-86A9-4AE1-A704-6D28C5AC2291}.Release|Mixed Platforms.ActiveCfg = Release|Any CPU
		{C32AFFF6-86A9-4AE1-A704-6D28C5AC2291}.Release|Mixed Platforms.Build.0 = Release|Any CPU
		{C32AFFF6-86A9-4AE1-A704-6D28C5AC2291}.Release|x86.ActiveCfg = Release|Any CPU
		{09D21A2F-8870-41D8-A2CF-A02AFE215B03}.Debug|Any CPU.ActiveCfg = Debug|Any CPU
		{09D21A2F-8870-41D8-A2CF-A02AFE215B03}.Debug|Any CPU.Build.0 = Debug|Any CPU
		{09D21A2F-8870-41D8-A2CF-A02AFE215B03}.Debug|Mixed Platforms.ActiveCfg = Debug|Any CPU
		{09D21A2F-8870-41D8-A2CF-A02AFE215B03}.Debug|Mixed Platforms.Build.0 = Debug|Any CPU
		{09D21A2F-8870-41D8-A2CF-A02AFE215B03}.Debug|x86.ActiveCfg = Debug|Any CPU
		{09D21A2F-8870-41D8-A2CF-A02AFE215B03}.Release|Any CPU.ActiveCfg = Release|Any CPU
		{09D21A2F-8870-41D8-A2CF-A02AFE215B03}.Release|Any CPU.Build.0 = Release|Any CPU
		{09D21A2F-8870-41D8-A2CF-A02AFE215B03}.Release|Mixed Platforms.ActiveCfg = Release|Any CPU
		{09D21A2F-8870-41D8-A2CF-A02AFE215B03}.Release|Mixed Platforms.Build.0 = Release|Any CPU
		{09D21A2F-8870-41D8-A2CF-A02AFE215B03}.Release|x86.ActiveCfg = Release|Any CPU
		{10FEB0A7-99FE-44D6-8D5B-18964F976AB5}.Debug|Any CPU.ActiveCfg = Debug|Any CPU
		{10FEB0A7-99FE-44D6-8D5B-18964F976AB5}.Debug|Any CPU.Build.0 = Debug|Any CPU
		{10FEB0A7-99FE-44D6-8D5B-18964F976AB5}.Debug|Mixed Platforms.ActiveCfg = Debug|Any CPU
		{10FEB0A7-99FE-44D6-8D5B-18964F976AB5}.Debug|Mixed Platforms.Build.0 = Debug|Any CPU
		{10FEB0A7-99FE-44D6-8D5B-18964F976AB5}.Debug|x86.ActiveCfg = Debug|Any CPU
		{10FEB0A7-99FE-44D6-8D5B-18964F976AB5}.Release|Any CPU.ActiveCfg = Release|Any CPU
		{10FEB0A7-99FE-44D6-8D5B-18964F976AB5}.Release|Any CPU.Build.0 = Release|Any CPU
		{10FEB0A7-99FE-44D6-8D5B-18964F976AB5}.Release|Mixed Platforms.ActiveCfg = Release|Any CPU
		{10FEB0A7-99FE-44D6-8D5B-18964F976AB5}.Release|Mixed Platforms.Build.0 = Release|Any CPU
		{10FEB0A7-99FE-44D6-8D5B-18964F976AB5}.Release|x86.ActiveCfg = Release|Any CPU
		{C2100A31-84E3-4903-AAC3-254782DF0869}.Debug|Any CPU.ActiveCfg = Debug|Any CPU
		{C2100A31-84E3-4903-AAC3-254782DF0869}.Debug|Any CPU.Build.0 = Debug|Any CPU
		{C2100A31-84E3-4903-AAC3-254782DF0869}.Debug|Mixed Platforms.ActiveCfg = Debug|Any CPU
		{C2100A31-84E3-4903-AAC3-254782DF0869}.Debug|Mixed Platforms.Build.0 = Debug|Any CPU
		{C2100A31-84E3-4903-AAC3-254782DF0869}.Debug|x86.ActiveCfg = Debug|Any CPU
		{C2100A31-84E3-4903-AAC3-254782DF0869}.Release|Any CPU.ActiveCfg = Release|Any CPU
		{C2100A31-84E3-4903-AAC3-254782DF0869}.Release|Any CPU.Build.0 = Release|Any CPU
		{C2100A31-84E3-4903-AAC3-254782DF0869}.Release|Mixed Platforms.ActiveCfg = Release|Any CPU
		{C2100A31-84E3-4903-AAC3-254782DF0869}.Release|Mixed Platforms.Build.0 = Release|Any CPU
		{C2100A31-84E3-4903-AAC3-254782DF0869}.Release|x86.ActiveCfg = Release|Any CPU
		{EC7A2A4D-33C6-478D-86A1-C32E7D4A60E5}.Debug|Any CPU.ActiveCfg = Debug|Any CPU
		{EC7A2A4D-33C6-478D-86A1-C32E7D4A60E5}.Debug|Any CPU.Build.0 = Debug|Any CPU
		{EC7A2A4D-33C6-478D-86A1-C32E7D4A60E5}.Debug|Mixed Platforms.ActiveCfg = Debug|Any CPU
		{EC7A2A4D-33C6-478D-86A1-C32E7D4A60E5}.Debug|Mixed Platforms.Build.0 = Debug|Any CPU
		{EC7A2A4D-33C6-478D-86A1-C32E7D4A60E5}.Debug|x86.ActiveCfg = Debug|Any CPU
		{EC7A2A4D-33C6-478D-86A1-C32E7D4A60E5}.Release|Any CPU.ActiveCfg = Release|Any CPU
		{EC7A2A4D-33C6-478D-86A1-C32E7D4A60E5}.Release|Any CPU.Build.0 = Release|Any CPU
		{EC7A2A4D-33C6-478D-86A1-C32E7D4A60E5}.Release|Mixed Platforms.ActiveCfg = Release|Any CPU
		{EC7A2A4D-33C6-478D-86A1-C32E7D4A60E5}.Release|Mixed Platforms.Build.0 = Release|Any CPU
		{EC7A2A4D-33C6-478D-86A1-C32E7D4A60E5}.Release|x86.ActiveCfg = Release|Any CPU
		{926F38F4-D132-458C-91DB-6314AE9F2FAD}.Debug|Any CPU.ActiveCfg = Debug|Any CPU
		{926F38F4-D132-458C-91DB-6314AE9F2FAD}.Debug|Any CPU.Build.0 = Debug|Any CPU
		{926F38F4-D132-458C-91DB-6314AE9F2FAD}.Debug|Mixed Platforms.ActiveCfg = Debug|Any CPU
		{926F38F4-D132-458C-91DB-6314AE9F2FAD}.Debug|Mixed Platforms.Build.0 = Debug|Any CPU
		{926F38F4-D132-458C-91DB-6314AE9F2FAD}.Debug|x86.ActiveCfg = Debug|Any CPU
		{926F38F4-D132-458C-91DB-6314AE9F2FAD}.Release|Any CPU.ActiveCfg = Release|Any CPU
		{926F38F4-D132-458C-91DB-6314AE9F2FAD}.Release|Any CPU.Build.0 = Release|Any CPU
		{926F38F4-D132-458C-91DB-6314AE9F2FAD}.Release|Mixed Platforms.ActiveCfg = Release|Any CPU
		{926F38F4-D132-458C-91DB-6314AE9F2FAD}.Release|Mixed Platforms.Build.0 = Release|Any CPU
		{926F38F4-D132-458C-91DB-6314AE9F2FAD}.Release|x86.ActiveCfg = Release|Any CPU
		{434C94BF-E6D0-465E-9A55-AB07E884F6CE}.Debug|Any CPU.ActiveCfg = Debug|Any CPU
		{434C94BF-E6D0-465E-9A55-AB07E884F6CE}.Debug|Any CPU.Build.0 = Debug|Any CPU
		{434C94BF-E6D0-465E-9A55-AB07E884F6CE}.Debug|Mixed Platforms.ActiveCfg = Debug|Any CPU
		{434C94BF-E6D0-465E-9A55-AB07E884F6CE}.Debug|Mixed Platforms.Build.0 = Debug|Any CPU
		{434C94BF-E6D0-465E-9A55-AB07E884F6CE}.Debug|x86.ActiveCfg = Debug|Any CPU
		{434C94BF-E6D0-465E-9A55-AB07E884F6CE}.Release|Any CPU.ActiveCfg = Release|Any CPU
		{434C94BF-E6D0-465E-9A55-AB07E884F6CE}.Release|Any CPU.Build.0 = Release|Any CPU
		{434C94BF-E6D0-465E-9A55-AB07E884F6CE}.Release|Mixed Platforms.ActiveCfg = Release|Any CPU
		{434C94BF-E6D0-465E-9A55-AB07E884F6CE}.Release|Mixed Platforms.Build.0 = Release|Any CPU
		{434C94BF-E6D0-465E-9A55-AB07E884F6CE}.Release|x86.ActiveCfg = Release|Any CPU
		{A8AB0B32-952F-4FBA-8C34-C22CCB897977}.Debug|Any CPU.ActiveCfg = Debug|Any CPU
		{A8AB0B32-952F-4FBA-8C34-C22CCB897977}.Debug|Any CPU.Build.0 = Debug|Any CPU
		{A8AB0B32-952F-4FBA-8C34-C22CCB897977}.Debug|Mixed Platforms.ActiveCfg = Debug|Any CPU
		{A8AB0B32-952F-4FBA-8C34-C22CCB897977}.Debug|Mixed Platforms.Build.0 = Debug|Any CPU
		{A8AB0B32-952F-4FBA-8C34-C22CCB897977}.Debug|x86.ActiveCfg = Debug|Any CPU
		{A8AB0B32-952F-4FBA-8C34-C22CCB897977}.Release|Any CPU.ActiveCfg = Release|Any CPU
		{A8AB0B32-952F-4FBA-8C34-C22CCB897977}.Release|Any CPU.Build.0 = Release|Any CPU
		{A8AB0B32-952F-4FBA-8C34-C22CCB897977}.Release|Mixed Platforms.ActiveCfg = Release|Any CPU
		{A8AB0B32-952F-4FBA-8C34-C22CCB897977}.Release|Mixed Platforms.Build.0 = Release|Any CPU
		{A8AB0B32-952F-4FBA-8C34-C22CCB897977}.Release|x86.ActiveCfg = Release|Any CPU
	EndGlobalSection
	GlobalSection(SolutionProperties) = preSolution
		HideSolutionNode = FALSE
	EndGlobalSection
	GlobalSection(NestedProjects) = preSolution
		{197FC1BD-8578-4DE7-9AEA-D7098A3505EA} = {CDDE5D9D-60BB-4CCB-BAE0-9525BAC6B11D}
		{9A7B8EFC-D36E-435D-99E2-10793AA3FFCD} = {CDDE5D9D-60BB-4CCB-BAE0-9525BAC6B11D}
		{E5ECCEA3-0448-40CD-98B2-BC70578807B1} = {CDDE5D9D-60BB-4CCB-BAE0-9525BAC6B11D}
		{5993FC6C-820B-482F-AB46-961F89FC8EA1} = {CDDE5D9D-60BB-4CCB-BAE0-9525BAC6B11D}
		{1669FD6F-D6A2-4498-A62B-F5A831B56A83} = {CDDE5D9D-60BB-4CCB-BAE0-9525BAC6B11D}
		{76E4D9AC-A6EE-4566-B0F1-B5A12DDDB8FA} = {CDDE5D9D-60BB-4CCB-BAE0-9525BAC6B11D}
		{926F38F4-D132-458C-91DB-6314AE9F2FAD} = {CDDE5D9D-60BB-4CCB-BAE0-9525BAC6B11D}
		{434C94BF-E6D0-465E-9A55-AB07E884F6CE} = {CDDE5D9D-60BB-4CCB-BAE0-9525BAC6B11D}
		{A8AB0B32-952F-4FBA-8C34-C22CCB897977} = {CDDE5D9D-60BB-4CCB-BAE0-9525BAC6B11D}
		{D412EF97-9A4E-4DC7-B75B-5763024A0A28} = {4543D14B-433F-4FED-8F0E-6A5EB9CDFC6A}
		{A602473A-44B3-46DA-A945-E049B5F2711A} = {4543D14B-433F-4FED-8F0E-6A5EB9CDFC6A}
		{A20D7CE4-0164-4F24-B571-603F24596C94} = {4543D14B-433F-4FED-8F0E-6A5EB9CDFC6A}
		{1CF74AF1-BFE1-4480-9DBF-8AEA07BBE652} = {4543D14B-433F-4FED-8F0E-6A5EB9CDFC6A}
		{D58ED8A0-C9BD-4460-9FC4-00446E29B4BB} = {4543D14B-433F-4FED-8F0E-6A5EB9CDFC6A}
		{5DD33CE2-F51C-4D36-8A5E-7DE426E924BE} = {4543D14B-433F-4FED-8F0E-6A5EB9CDFC6A}
		{34B27173-53B9-407F-9312-C3C6439665AA} = {4543D14B-433F-4FED-8F0E-6A5EB9CDFC6A}
		{A5693B45-6349-4F27-9CC7-D3E4BD1A5C5F} = {4543D14B-433F-4FED-8F0E-6A5EB9CDFC6A}
		{DC9FC668-4D75-44F3-B1B9-9752495714BC} = {4543D14B-433F-4FED-8F0E-6A5EB9CDFC6A}
		{576D937C-59E8-46F2-8DF8-1158BB541F23} = {4543D14B-433F-4FED-8F0E-6A5EB9CDFC6A}
		{E4990F59-0C44-410A-BE8F-922C6D29C3A8} = {4543D14B-433F-4FED-8F0E-6A5EB9CDFC6A}
		{1CF7F27B-E022-4934-8114-5F9DB67467E3} = {4543D14B-433F-4FED-8F0E-6A5EB9CDFC6A}
		{11EE793F-2C6F-46C1-A800-1DD96F4AFD9D} = {4543D14B-433F-4FED-8F0E-6A5EB9CDFC6A}
		{4FCA9537-013F-4B02-8DCC-BBC9F43DD3D4} = {4543D14B-433F-4FED-8F0E-6A5EB9CDFC6A}
		{5B321563-7C49-4EB9-BE1C-24BC7919E955} = {4543D14B-433F-4FED-8F0E-6A5EB9CDFC6A}
		{AFE196BA-3AAE-40B7-B1CC-AC77E97C1216} = {4543D14B-433F-4FED-8F0E-6A5EB9CDFC6A}
		{C2A71099-2230-4997-9DF1-A0939E51023D} = {4543D14B-433F-4FED-8F0E-6A5EB9CDFC6A}
		{B7EF68B4-F794-48DE-BC54-EC3B35BB3847} = {4543D14B-433F-4FED-8F0E-6A5EB9CDFC6A}
		{98E3F310-12C2-4FB1-95AC-A48B2A2C63C6} = {4543D14B-433F-4FED-8F0E-6A5EB9CDFC6A}
		{B6B26562-084C-480E-A472-B11AECB48C49} = {4543D14B-433F-4FED-8F0E-6A5EB9CDFC6A}
		{EAA48DED-B100-4CB8-A564-4E6F75CF0370} = {4543D14B-433F-4FED-8F0E-6A5EB9CDFC6A}
		{A9395DC2-3118-443A-8D6A-C74DB76A57E7} = {4543D14B-433F-4FED-8F0E-6A5EB9CDFC6A}
		{A2E43409-4108-4EE6-A804-B3625C9BE684} = {4543D14B-433F-4FED-8F0E-6A5EB9CDFC6A}
		{C02C9B56-3233-487C-9977-52AF4608CBD7} = {4543D14B-433F-4FED-8F0E-6A5EB9CDFC6A}
		{A95DA3BC-B32C-438A-86AA-363DFBC6F713} = {4543D14B-433F-4FED-8F0E-6A5EB9CDFC6A}
		{A36E9EBE-F03C-4464-9851-C26D6CD8AC83} = {4543D14B-433F-4FED-8F0E-6A5EB9CDFC6A}
		{07A344D1-F022-4785-8A3B-A90DD6E61557} = {EA4A3363-8AAA-49CC-AD98-5D005C0AEA07}
		{78B9F0C7-5E96-4546-96BE-1856A7BFDE7B} = {EA4A3363-8AAA-49CC-AD98-5D005C0AEA07}
		{C18EF1C7-7F80-42BC-9BFC-6CD7E684534A} = {EA4A3363-8AAA-49CC-AD98-5D005C0AEA07}
		{CF4A7D05-15AF-4367-B1E9-02A6E74D218F} = {EA4A3363-8AAA-49CC-AD98-5D005C0AEA07}
		{3970A38A-51ED-4460-818E-FB2FCD4A1318} = {CF4A7D05-15AF-4367-B1E9-02A6E74D218F}
		{D645289E-65A2-46F6-89A3-F1671DE7F177} = {76E4D9AC-A6EE-4566-B0F1-B5A12DDDB8FA}
		{35F4781E-6D36-47E8-86A9-CED63C17E031} = {76E4D9AC-A6EE-4566-B0F1-B5A12DDDB8FA}
		{65E9D39D-D267-4147-966B-A1581E0F8BBC} = {76E4D9AC-A6EE-4566-B0F1-B5A12DDDB8FA}
		{CE5E73DA-0F1C-4DC0-A6D6-CD125A673A90} = {76E4D9AC-A6EE-4566-B0F1-B5A12DDDB8FA}
		{0A88CFFE-0CA1-472E-8CD6-094B4E354CB5} = {76E4D9AC-A6EE-4566-B0F1-B5A12DDDB8FA}
		{AFB313F3-FB5F-47C9-896E-97DEE2432E4D} = {76E4D9AC-A6EE-4566-B0F1-B5A12DDDB8FA}
		{7B5201EE-BA3D-4F7E-94F4-94DEDFD31F13} = {76E4D9AC-A6EE-4566-B0F1-B5A12DDDB8FA}
		{6AA23A14-690E-4278-9B88-233F1E94A997} = {76E4D9AC-A6EE-4566-B0F1-B5A12DDDB8FA}
		{A1318528-F26F-4F8A-AC4B-8AFD4BF41E7C} = {D645289E-65A2-46F6-89A3-F1671DE7F177}
		{045D8D76-AEE0-4A05-931E-564AE965FAD4} = {C57A539C-8B23-4D0C-9AEF-C4243DAD04F4}
		{AF1C929F-17B2-4CB1-9938-9DA6759413CB} = {C57A539C-8B23-4D0C-9AEF-C4243DAD04F4}
		{48B33610-B87A-4ADE-AF9D-F34B856A2C9F} = {C57A539C-8B23-4D0C-9AEF-C4243DAD04F4}
		{7715305D-3CB1-48C2-A907-49C7DC45D20F} = {C57A539C-8B23-4D0C-9AEF-C4243DAD04F4}
		{2BEDACC7-37ED-4976-9D94-7881CF66CCDD} = {C57A539C-8B23-4D0C-9AEF-C4243DAD04F4}
		{D868FA14-32F4-4EF5-895F-DAAA867FE9FD} = {C57A539C-8B23-4D0C-9AEF-C4243DAD04F4}
		{21962F19-6E39-4927-AD48-EB9885CA4143} = {C57A539C-8B23-4D0C-9AEF-C4243DAD04F4}
		{4587A1CF-CC65-47C4-AC55-5B8C0F13B53E} = {C57A539C-8B23-4D0C-9AEF-C4243DAD04F4}
		{FECBFB29-A108-413E-80E5-AE9EC77218E4} = {C57A539C-8B23-4D0C-9AEF-C4243DAD04F4}
		{EC52BCB5-E4BC-4A5D-94AE-D61074C3F83D} = {C57A539C-8B23-4D0C-9AEF-C4243DAD04F4}
		{B10E2CF5-8D43-4CB2-8A9F-BB1473A61657} = {C57A539C-8B23-4D0C-9AEF-C4243DAD04F4}
		{C7C57C51-C85B-44C4-8DAE-429F38E35F06} = {C57A539C-8B23-4D0C-9AEF-C4243DAD04F4}
		{12E05C2C-C121-4E2D-9BF5-E6E96CC80CF6} = {C57A539C-8B23-4D0C-9AEF-C4243DAD04F4}
		{F044A2D5-9553-4A13-A0CA-ACAB9E931207} = {C57A539C-8B23-4D0C-9AEF-C4243DAD04F4}
		{726515CF-3835-4F1D-98F1-757A365991A5} = {C57A539C-8B23-4D0C-9AEF-C4243DAD04F4}
		{70EC3CDB-2741-4C3C-A4BF-59039A765A27} = {C57A539C-8B23-4D0C-9AEF-C4243DAD04F4}
		{C32AFFF6-86A9-4AE1-A704-6D28C5AC2291} = {C57A539C-8B23-4D0C-9AEF-C4243DAD04F4}
		{09D21A2F-8870-41D8-A2CF-A02AFE215B03} = {C57A539C-8B23-4D0C-9AEF-C4243DAD04F4}
		{10FEB0A7-99FE-44D6-8D5B-18964F976AB5} = {C57A539C-8B23-4D0C-9AEF-C4243DAD04F4}
		{C2100A31-84E3-4903-AAC3-254782DF0869} = {C57A539C-8B23-4D0C-9AEF-C4243DAD04F4}
		{EC7A2A4D-33C6-478D-86A1-C32E7D4A60E5} = {C57A539C-8B23-4D0C-9AEF-C4243DAD04F4}
	EndGlobalSection
EndGlobal
